// !$*UTF8*$!
{
	archiveVersion = 1;
	classes = {
	};
	objectVersion = 50;
	objects = {

/* Begin PBXBuildFile section */
		1191EEC024B308D5003F2FF9 /* main.m in Sources */ = {isa = PBXBuildFile; fileRef = 1191EEBF24B308D5003F2FF9 /* main.m */; };
		1191EEC624B308EE003F2FF9 /* TreeNode.m in Sources */ = {isa = PBXBuildFile; fileRef = 1191EEC524B308EE003F2FF9 /* TreeNode.m */; };
		1191EEC924B309DD003F2FF9 /* BinaryTree.m in Sources */ = {isa = PBXBuildFile; fileRef = 1191EEC824B309DD003F2FF9 /* BinaryTree.m */; };
		11A19CC724AAE000008E4FD6 /* main.m in Sources */ = {isa = PBXBuildFile; fileRef = 11A19CC624AAE000008E4FD6 /* main.m */; };
		11A19CD424AAE026008E4FD6 /* main.m in Sources */ = {isa = PBXBuildFile; fileRef = 11A19CD324AAE026008E4FD6 /* main.m */; };
		11A19CDD24AB023B008E4FD6 /* FindrepeatNumber.m in Sources */ = {isa = PBXBuildFile; fileRef = 11A19CDC24AB023B008E4FD6 /* FindrepeatNumber.m */; };
		11A19CE524AB1A8E008E4FD6 /* main.m in Sources */ = {isa = PBXBuildFile; fileRef = 11A19CE424AB1A8E008E4FD6 /* main.m */; };
		11A19CEB24AB1AC8008E4FD6 /* HammingWeight.m in Sources */ = {isa = PBXBuildFile; fileRef = 11A19CEA24AB1AC8008E4FD6 /* HammingWeight.m */; };
		11F54E2824B83079009AEF55 /* main.m in Sources */ = {isa = PBXBuildFile; fileRef = 11F54E2724B83079009AEF55 /* main.m */; };
		11F54E3124B83927009AEF55 /* Sort.m in Sources */ = {isa = PBXBuildFile; fileRef = 11F54E3024B83927009AEF55 /* Sort.m */; };
		AB37209624C093610097B18C /* main.m in Sources */ = {isa = PBXBuildFile; fileRef = AB37209524C093610097B18C /* main.m */; };
		AB37209C24C0937C0097B18C /* ListNode.m in Sources */ = {isa = PBXBuildFile; fileRef = AB37209B24C0937C0097B18C /* ListNode.m */; };
		AB4926C024CD9FC40079AD44 /* main.m in Sources */ = {isa = PBXBuildFile; fileRef = AB4926BF24CD9FC40079AD44 /* main.m */; };
		AB73017E24C72C1200FE09E4 /* main.m in Sources */ = {isa = PBXBuildFile; fileRef = AB73017D24C72C1200FE09E4 /* main.m */; };
		AB82432124C9C9BA0063339B /* main.m in Sources */ = {isa = PBXBuildFile; fileRef = AB82432024C9C9BA0063339B /* main.m */; };
		ABAB6FAB24B37075004F0743 /* main.m in Sources */ = {isa = PBXBuildFile; fileRef = ABAB6FAA24B37075004F0743 /* main.m */; };
		ABAB6FB124B37087004F0743 /* TreeNode.m in Sources */ = {isa = PBXBuildFile; fileRef = ABAB6FB024B37087004F0743 /* TreeNode.m */; };
		ABB0F93124C8897C0071375E /* main.m in Sources */ = {isa = PBXBuildFile; fileRef = ABB0F93024C8897C0071375E /* main.m */; };
		ABC3C72724D06E2A0054E53D /* main.m in Sources */ = {isa = PBXBuildFile; fileRef = ABC3C72624D06E2A0054E53D /* main.m */; };
		ABC3C73224D078F60054E53D /* main.m in Sources */ = {isa = PBXBuildFile; fileRef = ABC3C73124D078F60054E53D /* main.m */; };
		ABC3C73724D079130054E53D /* TreeNode.m in Sources */ = {isa = PBXBuildFile; fileRef = AB73018324C72CC500FE09E4 /* TreeNode.m */; };
		ABC3C73A24D079210054E53D /* TreeNode.m in Sources */ = {isa = PBXBuildFile; fileRef = ABC3C73924D079210054E53D /* TreeNode.m */; };
		ABFAA7CB24AB888600616059 /* main.m in Sources */ = {isa = PBXBuildFile; fileRef = ABFAA7CA24AB888600616059 /* main.m */; };
		ABFAA7D624AB88FC00616059 /* main.m in Sources */ = {isa = PBXBuildFile; fileRef = ABFAA7D524AB88FC00616059 /* main.m */; };
		ABFAA7DC24AB891100616059 /* LinkNode.m in Sources */ = {isa = PBXBuildFile; fileRef = ABFAA7DB24AB891100616059 /* LinkNode.m */; };
		ABFAA7E424AB89A000616059 /* main.m in Sources */ = {isa = PBXBuildFile; fileRef = ABFAA7E324AB89A000616059 /* main.m */; };
		ABFAA7EA24AB89B100616059 /* Singleton.m in Sources */ = {isa = PBXBuildFile; fileRef = ABFAA7E924AB89B100616059 /* Singleton.m */; };
/* End PBXBuildFile section */

/* Begin PBXCopyFilesBuildPhase section */
		1191EEBB24B308D4003F2FF9 /* CopyFiles */ = {
			isa = PBXCopyFilesBuildPhase;
			buildActionMask = 2147483647;
			dstPath = /usr/share/man/man1/;
			dstSubfolderSpec = 0;
			files = (
			);
			runOnlyForDeploymentPostprocessing = 1;
		};
		11A19CC124AAE000008E4FD6 /* CopyFiles */ = {
			isa = PBXCopyFilesBuildPhase;
			buildActionMask = 2147483647;
			dstPath = /usr/share/man/man1/;
			dstSubfolderSpec = 0;
			files = (
			);
			runOnlyForDeploymentPostprocessing = 1;
		};
		11A19CCF24AAE026008E4FD6 /* CopyFiles */ = {
			isa = PBXCopyFilesBuildPhase;
			buildActionMask = 2147483647;
			dstPath = /usr/share/man/man1/;
			dstSubfolderSpec = 0;
			files = (
			);
			runOnlyForDeploymentPostprocessing = 1;
		};
		11A19CE024AB1A8E008E4FD6 /* CopyFiles */ = {
			isa = PBXCopyFilesBuildPhase;
			buildActionMask = 2147483647;
			dstPath = /usr/share/man/man1/;
			dstSubfolderSpec = 0;
			files = (
			);
			runOnlyForDeploymentPostprocessing = 1;
		};
		11F54E2324B83079009AEF55 /* CopyFiles */ = {
			isa = PBXCopyFilesBuildPhase;
			buildActionMask = 2147483647;
			dstPath = /usr/share/man/man1/;
			dstSubfolderSpec = 0;
			files = (
			);
			runOnlyForDeploymentPostprocessing = 1;
		};
		AB37209124C093610097B18C /* CopyFiles */ = {
			isa = PBXCopyFilesBuildPhase;
			buildActionMask = 2147483647;
			dstPath = /usr/share/man/man1/;
			dstSubfolderSpec = 0;
			files = (
			);
			runOnlyForDeploymentPostprocessing = 1;
		};
		AB4926BB24CD9FC40079AD44 /* CopyFiles */ = {
			isa = PBXCopyFilesBuildPhase;
			buildActionMask = 2147483647;
			dstPath = /usr/share/man/man1/;
			dstSubfolderSpec = 0;
			files = (
			);
			runOnlyForDeploymentPostprocessing = 1;
		};
		AB73017924C72C1200FE09E4 /* CopyFiles */ = {
			isa = PBXCopyFilesBuildPhase;
			buildActionMask = 2147483647;
			dstPath = /usr/share/man/man1/;
			dstSubfolderSpec = 0;
			files = (
			);
			runOnlyForDeploymentPostprocessing = 1;
		};
		AB82431C24C9C9BA0063339B /* CopyFiles */ = {
			isa = PBXCopyFilesBuildPhase;
			buildActionMask = 2147483647;
			dstPath = /usr/share/man/man1/;
			dstSubfolderSpec = 0;
			files = (
			);
			runOnlyForDeploymentPostprocessing = 1;
		};
		ABAB6FA624B37074004F0743 /* CopyFiles */ = {
			isa = PBXCopyFilesBuildPhase;
			buildActionMask = 2147483647;
			dstPath = /usr/share/man/man1/;
			dstSubfolderSpec = 0;
			files = (
			);
			runOnlyForDeploymentPostprocessing = 1;
		};
		ABB0F92C24C8897C0071375E /* CopyFiles */ = {
			isa = PBXCopyFilesBuildPhase;
			buildActionMask = 2147483647;
			dstPath = /usr/share/man/man1/;
			dstSubfolderSpec = 0;
			files = (
			);
			runOnlyForDeploymentPostprocessing = 1;
		};
		ABC3C72224D06E2A0054E53D /* CopyFiles */ = {
			isa = PBXCopyFilesBuildPhase;
			buildActionMask = 2147483647;
			dstPath = /usr/share/man/man1/;
			dstSubfolderSpec = 0;
			files = (
			);
			runOnlyForDeploymentPostprocessing = 1;
		};
		ABC3C72D24D078F60054E53D /* CopyFiles */ = {
			isa = PBXCopyFilesBuildPhase;
			buildActionMask = 2147483647;
			dstPath = /usr/share/man/man1/;
			dstSubfolderSpec = 0;
			files = (
			);
			runOnlyForDeploymentPostprocessing = 1;
		};
		ABFAA7C624AB888600616059 /* CopyFiles */ = {
			isa = PBXCopyFilesBuildPhase;
			buildActionMask = 2147483647;
			dstPath = /usr/share/man/man1/;
			dstSubfolderSpec = 0;
			files = (
			);
			runOnlyForDeploymentPostprocessing = 1;
		};
		ABFAA7D124AB88FC00616059 /* CopyFiles */ = {
			isa = PBXCopyFilesBuildPhase;
			buildActionMask = 2147483647;
			dstPath = /usr/share/man/man1/;
			dstSubfolderSpec = 0;
			files = (
			);
			runOnlyForDeploymentPostprocessing = 1;
		};
		ABFAA7DF24AB89A000616059 /* CopyFiles */ = {
			isa = PBXCopyFilesBuildPhase;
			buildActionMask = 2147483647;
			dstPath = /usr/share/man/man1/;
			dstSubfolderSpec = 0;
			files = (
			);
			runOnlyForDeploymentPostprocessing = 1;
		};
/* End PBXCopyFilesBuildPhase section */

/* Begin PBXFileReference section */
		1191EEBD24B308D4003F2FF9 /* TheDepthOfBinaryTree */ = {isa = PBXFileReference; explicitFileType = "compiled.mach-o.executable"; includeInIndex = 0; path = TheDepthOfBinaryTree; sourceTree = BUILT_PRODUCTS_DIR; };
		1191EEBF24B308D5003F2FF9 /* main.m */ = {isa = PBXFileReference; lastKnownFileType = sourcecode.c.objc; path = main.m; sourceTree = "<group>"; };
		1191EEC424B308EE003F2FF9 /* TreeNode.h */ = {isa = PBXFileReference; lastKnownFileType = sourcecode.c.h; path = TreeNode.h; sourceTree = "<group>"; };
		1191EEC524B308EE003F2FF9 /* TreeNode.m */ = {isa = PBXFileReference; lastKnownFileType = sourcecode.c.objc; path = TreeNode.m; sourceTree = "<group>"; };
		1191EEC724B309DD003F2FF9 /* BinaryTree.h */ = {isa = PBXFileReference; lastKnownFileType = sourcecode.c.h; path = BinaryTree.h; sourceTree = "<group>"; };
		1191EEC824B309DD003F2FF9 /* BinaryTree.m */ = {isa = PBXFileReference; lastKnownFileType = sourcecode.c.objc; path = BinaryTree.m; sourceTree = "<group>"; };
		11A19CC324AAE000008E4FD6 /* ArrowToOffer */ = {isa = PBXFileReference; explicitFileType = "compiled.mach-o.executable"; includeInIndex = 0; path = ArrowToOffer; sourceTree = BUILT_PRODUCTS_DIR; };
		11A19CC624AAE000008E4FD6 /* main.m */ = {isa = PBXFileReference; lastKnownFileType = sourcecode.c.objc; path = main.m; sourceTree = "<group>"; };
		11A19CD124AAE026008E4FD6 /* FindRepeatNumber03 */ = {isa = PBXFileReference; explicitFileType = "compiled.mach-o.executable"; includeInIndex = 0; path = FindRepeatNumber03; sourceTree = BUILT_PRODUCTS_DIR; };
		11A19CD324AAE026008E4FD6 /* main.m */ = {isa = PBXFileReference; lastKnownFileType = sourcecode.c.objc; path = main.m; sourceTree = "<group>"; };
		11A19CDB24AB023B008E4FD6 /* FindrepeatNumber.h */ = {isa = PBXFileReference; lastKnownFileType = sourcecode.c.h; path = FindrepeatNumber.h; sourceTree = "<group>"; };
		11A19CDC24AB023B008E4FD6 /* FindrepeatNumber.m */ = {isa = PBXFileReference; lastKnownFileType = sourcecode.c.objc; path = FindrepeatNumber.m; sourceTree = "<group>"; };
		11A19CE224AB1A8E008E4FD6 /* HammingWeight15 */ = {isa = PBXFileReference; explicitFileType = "compiled.mach-o.executable"; includeInIndex = 0; path = HammingWeight15; sourceTree = BUILT_PRODUCTS_DIR; };
		11A19CE424AB1A8E008E4FD6 /* main.m */ = {isa = PBXFileReference; lastKnownFileType = sourcecode.c.objc; path = main.m; sourceTree = "<group>"; };
		11A19CE924AB1AC8008E4FD6 /* HammingWeight.h */ = {isa = PBXFileReference; lastKnownFileType = sourcecode.c.h; path = HammingWeight.h; sourceTree = "<group>"; };
		11A19CEA24AB1AC8008E4FD6 /* HammingWeight.m */ = {isa = PBXFileReference; lastKnownFileType = sourcecode.c.objc; path = HammingWeight.m; sourceTree = "<group>"; };
		11F54E2524B83079009AEF55 /* QuickSork */ = {isa = PBXFileReference; explicitFileType = "compiled.mach-o.executable"; includeInIndex = 0; path = QuickSork; sourceTree = BUILT_PRODUCTS_DIR; };
		11F54E2724B83079009AEF55 /* main.m */ = {isa = PBXFileReference; lastKnownFileType = sourcecode.c.objc; path = main.m; sourceTree = "<group>"; };
		11F54E2F24B83927009AEF55 /* Sort.h */ = {isa = PBXFileReference; lastKnownFileType = sourcecode.c.h; path = Sort.h; sourceTree = "<group>"; };
		11F54E3024B83927009AEF55 /* Sort.m */ = {isa = PBXFileReference; lastKnownFileType = sourcecode.c.objc; path = Sort.m; sourceTree = "<group>"; };
		AB37209324C093610097B18C /* GetIntersectionNode52 */ = {isa = PBXFileReference; explicitFileType = "compiled.mach-o.executable"; includeInIndex = 0; path = GetIntersectionNode52; sourceTree = BUILT_PRODUCTS_DIR; };
		AB37209524C093610097B18C /* main.m */ = {isa = PBXFileReference; lastKnownFileType = sourcecode.c.objc; path = main.m; sourceTree = "<group>"; };
		AB37209A24C0937C0097B18C /* ListNode.h */ = {isa = PBXFileReference; lastKnownFileType = sourcecode.c.h; path = ListNode.h; sourceTree = "<group>"; };
		AB37209B24C0937C0097B18C /* ListNode.m */ = {isa = PBXFileReference; lastKnownFileType = sourcecode.c.objc; path = ListNode.m; sourceTree = "<group>"; };
		AB4926BD24CD9FC40079AD44 /* FirstUniqChar50 */ = {isa = PBXFileReference; explicitFileType = "compiled.mach-o.executable"; includeInIndex = 0; path = FirstUniqChar50; sourceTree = BUILT_PRODUCTS_DIR; };
		AB4926BF24CD9FC40079AD44 /* main.m */ = {isa = PBXFileReference; lastKnownFileType = sourcecode.c.objc; path = main.m; sourceTree = "<group>"; };
		AB73017B24C72C1200FE09E4 /* LevelOrder32 */ = {isa = PBXFileReference; explicitFileType = "compiled.mach-o.executable"; includeInIndex = 0; path = LevelOrder32; sourceTree = BUILT_PRODUCTS_DIR; };
		AB73017D24C72C1200FE09E4 /* main.m */ = {isa = PBXFileReference; lastKnownFileType = sourcecode.c.objc; path = main.m; sourceTree = "<group>"; };
		AB73018224C72CC500FE09E4 /* TreeNode.h */ = {isa = PBXFileReference; lastKnownFileType = sourcecode.c.h; path = TreeNode.h; sourceTree = "<group>"; };
		AB73018324C72CC500FE09E4 /* TreeNode.m */ = {isa = PBXFileReference; lastKnownFileType = sourcecode.c.objc; path = TreeNode.m; sourceTree = "<group>"; };
		AB82431E24C9C9BA0063339B /* MinPathSum0064 */ = {isa = PBXFileReference; explicitFileType = "compiled.mach-o.executable"; includeInIndex = 0; path = MinPathSum0064; sourceTree = BUILT_PRODUCTS_DIR; };
		AB82432024C9C9BA0063339B /* main.m */ = {isa = PBXFileReference; lastKnownFileType = sourcecode.c.objc; path = main.m; sourceTree = "<group>"; };
		ABAB6FA824B37074004F0743 /* MaxDepth55 */ = {isa = PBXFileReference; explicitFileType = "compiled.mach-o.executable"; includeInIndex = 0; path = MaxDepth55; sourceTree = BUILT_PRODUCTS_DIR; };
		ABAB6FAA24B37075004F0743 /* main.m */ = {isa = PBXFileReference; lastKnownFileType = sourcecode.c.objc; path = main.m; sourceTree = "<group>"; };
		ABAB6FAF24B37087004F0743 /* TreeNode.h */ = {isa = PBXFileReference; lastKnownFileType = sourcecode.c.h; path = TreeNode.h; sourceTree = "<group>"; };
		ABAB6FB024B37087004F0743 /* TreeNode.m */ = {isa = PBXFileReference; lastKnownFileType = sourcecode.c.objc; path = TreeNode.m; sourceTree = "<group>"; };
		ABB0F92E24C8897C0071375E /* MinArray11 */ = {isa = PBXFileReference; explicitFileType = "compiled.mach-o.executable"; includeInIndex = 0; path = MinArray11; sourceTree = BUILT_PRODUCTS_DIR; };
		ABB0F93024C8897C0071375E /* main.m */ = {isa = PBXFileReference; lastKnownFileType = sourcecode.c.objc; path = main.m; sourceTree = "<group>"; };
		ABC3C72424D06E2A0054E53D /* MaxSubArray42 */ = {isa = PBXFileReference; explicitFileType = "compiled.mach-o.executable"; includeInIndex = 0; path = MaxSubArray42; sourceTree = BUILT_PRODUCTS_DIR; };
		ABC3C72624D06E2A0054E53D /* main.m */ = {isa = PBXFileReference; lastKnownFileType = sourcecode.c.objc; path = main.m; sourceTree = "<group>"; };
		ABC3C72F24D078F60054E53D /* MirrorTree27 */ = {isa = PBXFileReference; explicitFileType = "compiled.mach-o.executable"; includeInIndex = 0; path = MirrorTree27; sourceTree = BUILT_PRODUCTS_DIR; };
		ABC3C73124D078F60054E53D /* main.m */ = {isa = PBXFileReference; lastKnownFileType = sourcecode.c.objc; path = main.m; sourceTree = "<group>"; };
		ABC3C73824D079210054E53D /* TreeNode.h */ = {isa = PBXFileReference; lastKnownFileType = sourcecode.c.h; path = TreeNode.h; sourceTree = "<group>"; };
		ABC3C73924D079210054E53D /* TreeNode.m */ = {isa = PBXFileReference; lastKnownFileType = sourcecode.c.objc; path = TreeNode.m; sourceTree = "<group>"; };
		ABFAA7C824AB888600616059 /* BinarySearch */ = {isa = PBXFileReference; explicitFileType = "compiled.mach-o.executable"; includeInIndex = 0; path = BinarySearch; sourceTree = BUILT_PRODUCTS_DIR; };
		ABFAA7CA24AB888600616059 /* main.m */ = {isa = PBXFileReference; lastKnownFileType = sourcecode.c.objc; path = main.m; sourceTree = "<group>"; };
		ABFAA7D324AB88FC00616059 /* ReverseLinkList */ = {isa = PBXFileReference; explicitFileType = "compiled.mach-o.executable"; includeInIndex = 0; path = ReverseLinkList; sourceTree = BUILT_PRODUCTS_DIR; };
		ABFAA7D524AB88FC00616059 /* main.m */ = {isa = PBXFileReference; lastKnownFileType = sourcecode.c.objc; path = main.m; sourceTree = "<group>"; };
		ABFAA7DA24AB891100616059 /* LinkNode.h */ = {isa = PBXFileReference; lastKnownFileType = sourcecode.c.h; path = LinkNode.h; sourceTree = "<group>"; };
		ABFAA7DB24AB891100616059 /* LinkNode.m */ = {isa = PBXFileReference; lastKnownFileType = sourcecode.c.objc; path = LinkNode.m; sourceTree = "<group>"; };
		ABFAA7E124AB89A000616059 /* Singleton */ = {isa = PBXFileReference; explicitFileType = "compiled.mach-o.executable"; includeInIndex = 0; path = Singleton; sourceTree = BUILT_PRODUCTS_DIR; };
		ABFAA7E324AB89A000616059 /* main.m */ = {isa = PBXFileReference; lastKnownFileType = sourcecode.c.objc; path = main.m; sourceTree = "<group>"; };
		ABFAA7E824AB89B100616059 /* Singleton.h */ = {isa = PBXFileReference; lastKnownFileType = sourcecode.c.h; path = Singleton.h; sourceTree = "<group>"; };
		ABFAA7E924AB89B100616059 /* Singleton.m */ = {isa = PBXFileReference; lastKnownFileType = sourcecode.c.objc; path = Singleton.m; sourceTree = "<group>"; };
/* End PBXFileReference section */

/* Begin PBXFrameworksBuildPhase section */
		1191EEBA24B308D4003F2FF9 /* Frameworks */ = {
			isa = PBXFrameworksBuildPhase;
			buildActionMask = 2147483647;
			files = (
			);
			runOnlyForDeploymentPostprocessing = 0;
		};
		11A19CC024AAE000008E4FD6 /* Frameworks */ = {
			isa = PBXFrameworksBuildPhase;
			buildActionMask = 2147483647;
			files = (
			);
			runOnlyForDeploymentPostprocessing = 0;
		};
		11A19CCE24AAE026008E4FD6 /* Frameworks */ = {
			isa = PBXFrameworksBuildPhase;
			buildActionMask = 2147483647;
			files = (
			);
			runOnlyForDeploymentPostprocessing = 0;
		};
		11A19CDF24AB1A8E008E4FD6 /* Frameworks */ = {
			isa = PBXFrameworksBuildPhase;
			buildActionMask = 2147483647;
			files = (
			);
			runOnlyForDeploymentPostprocessing = 0;
		};
		11F54E2224B83079009AEF55 /* Frameworks */ = {
			isa = PBXFrameworksBuildPhase;
			buildActionMask = 2147483647;
			files = (
			);
			runOnlyForDeploymentPostprocessing = 0;
		};
		AB37209024C093610097B18C /* Frameworks */ = {
			isa = PBXFrameworksBuildPhase;
			buildActionMask = 2147483647;
			files = (
			);
			runOnlyForDeploymentPostprocessing = 0;
		};
		AB4926BA24CD9FC40079AD44 /* Frameworks */ = {
			isa = PBXFrameworksBuildPhase;
			buildActionMask = 2147483647;
			files = (
			);
			runOnlyForDeploymentPostprocessing = 0;
		};
		AB73017824C72C1200FE09E4 /* Frameworks */ = {
			isa = PBXFrameworksBuildPhase;
			buildActionMask = 2147483647;
			files = (
			);
			runOnlyForDeploymentPostprocessing = 0;
		};
		AB82431B24C9C9BA0063339B /* Frameworks */ = {
			isa = PBXFrameworksBuildPhase;
			buildActionMask = 2147483647;
			files = (
			);
			runOnlyForDeploymentPostprocessing = 0;
		};
		ABAB6FA524B37074004F0743 /* Frameworks */ = {
			isa = PBXFrameworksBuildPhase;
			buildActionMask = 2147483647;
			files = (
			);
			runOnlyForDeploymentPostprocessing = 0;
		};
		ABB0F92B24C8897C0071375E /* Frameworks */ = {
			isa = PBXFrameworksBuildPhase;
			buildActionMask = 2147483647;
			files = (
			);
			runOnlyForDeploymentPostprocessing = 0;
		};
		ABC3C72124D06E2A0054E53D /* Frameworks */ = {
			isa = PBXFrameworksBuildPhase;
			buildActionMask = 2147483647;
			files = (
			);
			runOnlyForDeploymentPostprocessing = 0;
		};
		ABC3C72C24D078F60054E53D /* Frameworks */ = {
			isa = PBXFrameworksBuildPhase;
			buildActionMask = 2147483647;
			files = (
			);
			runOnlyForDeploymentPostprocessing = 0;
		};
		ABFAA7C524AB888600616059 /* Frameworks */ = {
			isa = PBXFrameworksBuildPhase;
			buildActionMask = 2147483647;
			files = (
			);
			runOnlyForDeploymentPostprocessing = 0;
		};
		ABFAA7D024AB88FC00616059 /* Frameworks */ = {
			isa = PBXFrameworksBuildPhase;
			buildActionMask = 2147483647;
			files = (
			);
			runOnlyForDeploymentPostprocessing = 0;
		};
		ABFAA7DE24AB89A000616059 /* Frameworks */ = {
			isa = PBXFrameworksBuildPhase;
			buildActionMask = 2147483647;
			files = (
			);
			runOnlyForDeploymentPostprocessing = 0;
		};
/* End PBXFrameworksBuildPhase section */

/* Begin PBXGroup section */
		1191EEBE24B308D5003F2FF9 /* TheDepthOfBinaryTree */ = {
			isa = PBXGroup;
			children = (
				1191EEBF24B308D5003F2FF9 /* main.m */,
				1191EEC424B308EE003F2FF9 /* TreeNode.h */,
				1191EEC524B308EE003F2FF9 /* TreeNode.m */,
				1191EEC724B309DD003F2FF9 /* BinaryTree.h */,
				1191EEC824B309DD003F2FF9 /* BinaryTree.m */,
			);
			path = TheDepthOfBinaryTree;
			sourceTree = "<group>";
		};
		11A19CBA24AADFFF008E4FD6 = {
			isa = PBXGroup;
			children = (
				11A19CC524AAE000008E4FD6 /* ArrowToOffer */,
				11A19CD224AAE026008E4FD6 /* FindRepeatNumber03 */,
				11A19CE324AB1A8E008E4FD6 /* HammingWeight15 */,
				ABFAA7C924AB888600616059 /* BinarySearch */,
				ABFAA7D424AB88FC00616059 /* ReverseLinkList */,
				ABFAA7E224AB89A000616059 /* Singleton */,
				1191EEBE24B308D5003F2FF9 /* TheDepthOfBinaryTree */,
				ABAB6FA924B37075004F0743 /* MaxDepth55 */,
				11F54E2624B83079009AEF55 /* QuickSork */,
				AB37209424C093610097B18C /* GetIntersectionNode52 */,
				AB73017C24C72C1200FE09E4 /* LevelOrder32 */,
				ABB0F92F24C8897C0071375E /* MinArray11 */,
				AB82431F24C9C9BA0063339B /* MinPathSum0064 */,
				AB4926BE24CD9FC40079AD44 /* FirstUniqChar50 */,
				ABC3C72524D06E2A0054E53D /* MaxSubArray42 */,
				ABC3C73024D078F60054E53D /* MirrorTree27 */,
				11A19CC424AAE000008E4FD6 /* Products */,
			);
			sourceTree = "<group>";
		};
		11A19CC424AAE000008E4FD6 /* Products */ = {
			isa = PBXGroup;
			children = (
				11A19CC324AAE000008E4FD6 /* ArrowToOffer */,
				11A19CD124AAE026008E4FD6 /* FindRepeatNumber03 */,
				11A19CE224AB1A8E008E4FD6 /* HammingWeight15 */,
				ABFAA7C824AB888600616059 /* BinarySearch */,
				ABFAA7D324AB88FC00616059 /* ReverseLinkList */,
				ABFAA7E124AB89A000616059 /* Singleton */,
				1191EEBD24B308D4003F2FF9 /* TheDepthOfBinaryTree */,
				ABAB6FA824B37074004F0743 /* MaxDepth55 */,
				11F54E2524B83079009AEF55 /* QuickSork */,
				AB37209324C093610097B18C /* GetIntersectionNode52 */,
				AB73017B24C72C1200FE09E4 /* LevelOrder32 */,
				ABB0F92E24C8897C0071375E /* MinArray11 */,
				AB82431E24C9C9BA0063339B /* MinPathSum0064 */,
				AB4926BD24CD9FC40079AD44 /* FirstUniqChar50 */,
				ABC3C72424D06E2A0054E53D /* MaxSubArray42 */,
				ABC3C72F24D078F60054E53D /* MirrorTree27 */,
			);
			name = Products;
			sourceTree = "<group>";
		};
		11A19CC524AAE000008E4FD6 /* ArrowToOffer */ = {
			isa = PBXGroup;
			children = (
				11A19CC624AAE000008E4FD6 /* main.m */,
			);
			path = ArrowToOffer;
			sourceTree = "<group>";
		};
		11A19CD224AAE026008E4FD6 /* FindRepeatNumber03 */ = {
			isa = PBXGroup;
			children = (
				11A19CD324AAE026008E4FD6 /* main.m */,
				11A19CDB24AB023B008E4FD6 /* FindrepeatNumber.h */,
				11A19CDC24AB023B008E4FD6 /* FindrepeatNumber.m */,
			);
			path = FindRepeatNumber03;
			sourceTree = "<group>";
		};
		11A19CE324AB1A8E008E4FD6 /* HammingWeight15 */ = {
			isa = PBXGroup;
			children = (
				11A19CE424AB1A8E008E4FD6 /* main.m */,
				11A19CE924AB1AC8008E4FD6 /* HammingWeight.h */,
				11A19CEA24AB1AC8008E4FD6 /* HammingWeight.m */,
			);
			path = HammingWeight15;
			sourceTree = "<group>";
		};
		11F54E2624B83079009AEF55 /* QuickSork */ = {
			isa = PBXGroup;
			children = (
				11F54E2724B83079009AEF55 /* main.m */,
				11F54E2F24B83927009AEF55 /* Sort.h */,
				11F54E3024B83927009AEF55 /* Sort.m */,
			);
			path = QuickSork;
			sourceTree = "<group>";
		};
		AB37209424C093610097B18C /* GetIntersectionNode52 */ = {
			isa = PBXGroup;
			children = (
				AB37209524C093610097B18C /* main.m */,
				AB37209A24C0937C0097B18C /* ListNode.h */,
				AB37209B24C0937C0097B18C /* ListNode.m */,
			);
			path = GetIntersectionNode52;
			sourceTree = "<group>";
		};
		AB4926BE24CD9FC40079AD44 /* FirstUniqChar50 */ = {
			isa = PBXGroup;
			children = (
				AB4926BF24CD9FC40079AD44 /* main.m */,
			);
			path = FirstUniqChar50;
			sourceTree = "<group>";
		};
		AB73017C24C72C1200FE09E4 /* LevelOrder32 */ = {
			isa = PBXGroup;
			children = (
				AB73018224C72CC500FE09E4 /* TreeNode.h */,
				AB73018324C72CC500FE09E4 /* TreeNode.m */,
				AB73017D24C72C1200FE09E4 /* main.m */,
			);
			path = LevelOrder32;
			sourceTree = "<group>";
		};
		AB82431F24C9C9BA0063339B /* MinPathSum0064 */ = {
			isa = PBXGroup;
			children = (
				AB82432024C9C9BA0063339B /* main.m */,
			);
			path = MinPathSum0064;
			sourceTree = "<group>";
		};
		ABAB6FA924B37075004F0743 /* MaxDepth55 */ = {
			isa = PBXGroup;
			children = (
				ABAB6FAA24B37075004F0743 /* main.m */,
				ABAB6FAF24B37087004F0743 /* TreeNode.h */,
				ABAB6FB024B37087004F0743 /* TreeNode.m */,
			);
			path = MaxDepth55;
			sourceTree = "<group>";
		};
		ABB0F92F24C8897C0071375E /* MinArray11 */ = {
			isa = PBXGroup;
			children = (
				ABB0F93024C8897C0071375E /* main.m */,
			);
			path = MinArray11;
			sourceTree = "<group>";
		};
		ABC3C72524D06E2A0054E53D /* MaxSubArray42 */ = {
			isa = PBXGroup;
			children = (
				ABC3C72624D06E2A0054E53D /* main.m */,
			);
			path = MaxSubArray42;
			sourceTree = "<group>";
		};
		ABC3C73024D078F60054E53D /* MirrorTree27 */ = {
			isa = PBXGroup;
			children = (
				ABC3C73124D078F60054E53D /* main.m */,
				ABC3C73824D079210054E53D /* TreeNode.h */,
				ABC3C73924D079210054E53D /* TreeNode.m */,
			);
			path = MirrorTree27;
			sourceTree = "<group>";
		};
		ABFAA7C924AB888600616059 /* BinarySearch */ = {
			isa = PBXGroup;
			children = (
				ABFAA7CA24AB888600616059 /* main.m */,
			);
			path = BinarySearch;
			sourceTree = "<group>";
		};
		ABFAA7D424AB88FC00616059 /* ReverseLinkList */ = {
			isa = PBXGroup;
			children = (
				ABFAA7D524AB88FC00616059 /* main.m */,
				ABFAA7DA24AB891100616059 /* LinkNode.h */,
				ABFAA7DB24AB891100616059 /* LinkNode.m */,
			);
			path = ReverseLinkList;
			sourceTree = "<group>";
		};
		ABFAA7E224AB89A000616059 /* Singleton */ = {
			isa = PBXGroup;
			children = (
				ABFAA7E324AB89A000616059 /* main.m */,
				ABFAA7E824AB89B100616059 /* Singleton.h */,
				ABFAA7E924AB89B100616059 /* Singleton.m */,
			);
			path = Singleton;
			sourceTree = "<group>";
		};
/* End PBXGroup section */

/* Begin PBXNativeTarget section */
		1191EEBC24B308D4003F2FF9 /* TheDepthOfBinaryTree */ = {
			isa = PBXNativeTarget;
			buildConfigurationList = 1191EEC324B308D5003F2FF9 /* Build configuration list for PBXNativeTarget "TheDepthOfBinaryTree" */;
			buildPhases = (
				1191EEB924B308D4003F2FF9 /* Sources */,
				1191EEBA24B308D4003F2FF9 /* Frameworks */,
				1191EEBB24B308D4003F2FF9 /* CopyFiles */,
			);
			buildRules = (
			);
			dependencies = (
			);
			name = TheDepthOfBinaryTree;
			productName = TheDepthOfBinaryTree;
			productReference = 1191EEBD24B308D4003F2FF9 /* TheDepthOfBinaryTree */;
			productType = "com.apple.product-type.tool";
		};
		11A19CC224AAE000008E4FD6 /* ArrowToOffer */ = {
			isa = PBXNativeTarget;
			buildConfigurationList = 11A19CCA24AAE000008E4FD6 /* Build configuration list for PBXNativeTarget "ArrowToOffer" */;
			buildPhases = (
				11A19CBF24AAE000008E4FD6 /* Sources */,
				11A19CC024AAE000008E4FD6 /* Frameworks */,
				11A19CC124AAE000008E4FD6 /* CopyFiles */,
			);
			buildRules = (
			);
			dependencies = (
			);
			name = ArrowToOffer;
			productName = ArrowToOffer;
			productReference = 11A19CC324AAE000008E4FD6 /* ArrowToOffer */;
			productType = "com.apple.product-type.tool";
		};
		11A19CD024AAE026008E4FD6 /* FindRepeatNumber03 */ = {
			isa = PBXNativeTarget;
			buildConfigurationList = 11A19CD524AAE026008E4FD6 /* Build configuration list for PBXNativeTarget "FindRepeatNumber03" */;
			buildPhases = (
				11A19CCD24AAE026008E4FD6 /* Sources */,
				11A19CCE24AAE026008E4FD6 /* Frameworks */,
				11A19CCF24AAE026008E4FD6 /* CopyFiles */,
			);
			buildRules = (
			);
			dependencies = (
			);
			name = FindRepeatNumber03;
			productName = FindRepeatNumber03;
			productReference = 11A19CD124AAE026008E4FD6 /* FindRepeatNumber03 */;
			productType = "com.apple.product-type.tool";
		};
		11A19CE124AB1A8E008E4FD6 /* HammingWeight15 */ = {
			isa = PBXNativeTarget;
			buildConfigurationList = 11A19CE824AB1A8E008E4FD6 /* Build configuration list for PBXNativeTarget "HammingWeight15" */;
			buildPhases = (
				11A19CDE24AB1A8E008E4FD6 /* Sources */,
				11A19CDF24AB1A8E008E4FD6 /* Frameworks */,
				11A19CE024AB1A8E008E4FD6 /* CopyFiles */,
			);
			buildRules = (
			);
			dependencies = (
			);
			name = HammingWeight15;
			productName = HammingWeight15;
			productReference = 11A19CE224AB1A8E008E4FD6 /* HammingWeight15 */;
			productType = "com.apple.product-type.tool";
		};
		11F54E2424B83079009AEF55 /* QuickSork */ = {
			isa = PBXNativeTarget;
			buildConfigurationList = 11F54E2B24B83079009AEF55 /* Build configuration list for PBXNativeTarget "QuickSork" */;
			buildPhases = (
				11F54E2124B83079009AEF55 /* Sources */,
				11F54E2224B83079009AEF55 /* Frameworks */,
				11F54E2324B83079009AEF55 /* CopyFiles */,
			);
			buildRules = (
			);
			dependencies = (
			);
			name = QuickSork;
			productName = QuickSork;
			productReference = 11F54E2524B83079009AEF55 /* QuickSork */;
			productType = "com.apple.product-type.tool";
		};
		AB37209224C093610097B18C /* GetIntersectionNode52 */ = {
			isa = PBXNativeTarget;
			buildConfigurationList = AB37209924C093610097B18C /* Build configuration list for PBXNativeTarget "GetIntersectionNode52" */;
			buildPhases = (
				AB37208F24C093610097B18C /* Sources */,
				AB37209024C093610097B18C /* Frameworks */,
				AB37209124C093610097B18C /* CopyFiles */,
			);
			buildRules = (
			);
			dependencies = (
			);
			name = GetIntersectionNode52;
			productName = GetIntersectionNode52;
			productReference = AB37209324C093610097B18C /* GetIntersectionNode52 */;
			productType = "com.apple.product-type.tool";
		};
		AB4926BC24CD9FC40079AD44 /* FirstUniqChar50 */ = {
			isa = PBXNativeTarget;
			buildConfigurationList = AB4926C324CD9FC40079AD44 /* Build configuration list for PBXNativeTarget "FirstUniqChar50" */;
			buildPhases = (
				AB4926B924CD9FC40079AD44 /* Sources */,
				AB4926BA24CD9FC40079AD44 /* Frameworks */,
				AB4926BB24CD9FC40079AD44 /* CopyFiles */,
			);
			buildRules = (
			);
			dependencies = (
			);
			name = FirstUniqChar50;
			productName = FirstUniqChar50;
			productReference = AB4926BD24CD9FC40079AD44 /* FirstUniqChar50 */;
			productType = "com.apple.product-type.tool";
		};
		AB73017A24C72C1200FE09E4 /* LevelOrder32 */ = {
			isa = PBXNativeTarget;
			buildConfigurationList = AB73017F24C72C1200FE09E4 /* Build configuration list for PBXNativeTarget "LevelOrder32" */;
			buildPhases = (
				AB73017724C72C1200FE09E4 /* Sources */,
				AB73017824C72C1200FE09E4 /* Frameworks */,
				AB73017924C72C1200FE09E4 /* CopyFiles */,
			);
			buildRules = (
			);
			dependencies = (
			);
			name = LevelOrder32;
			productName = LevelOrder32;
			productReference = AB73017B24C72C1200FE09E4 /* LevelOrder32 */;
			productType = "com.apple.product-type.tool";
		};
		AB82431D24C9C9BA0063339B /* MinPathSum0064 */ = {
			isa = PBXNativeTarget;
			buildConfigurationList = AB82432424C9C9BA0063339B /* Build configuration list for PBXNativeTarget "MinPathSum0064" */;
			buildPhases = (
				AB82431A24C9C9BA0063339B /* Sources */,
				AB82431B24C9C9BA0063339B /* Frameworks */,
				AB82431C24C9C9BA0063339B /* CopyFiles */,
			);
			buildRules = (
			);
			dependencies = (
			);
			name = MinPathSum0064;
			productName = MinPathSum0064;
			productReference = AB82431E24C9C9BA0063339B /* MinPathSum0064 */;
			productType = "com.apple.product-type.tool";
		};
		ABAB6FA724B37074004F0743 /* MaxDepth55 */ = {
			isa = PBXNativeTarget;
			buildConfigurationList = ABAB6FAE24B37075004F0743 /* Build configuration list for PBXNativeTarget "MaxDepth55" */;
			buildPhases = (
				ABAB6FA424B37074004F0743 /* Sources */,
				ABAB6FA524B37074004F0743 /* Frameworks */,
				ABAB6FA624B37074004F0743 /* CopyFiles */,
			);
			buildRules = (
			);
			dependencies = (
			);
			name = MaxDepth55;
			productName = MaxDepth55;
			productReference = ABAB6FA824B37074004F0743 /* MaxDepth55 */;
			productType = "com.apple.product-type.tool";
		};
		ABB0F92D24C8897C0071375E /* MinArray11 */ = {
			isa = PBXNativeTarget;
			buildConfigurationList = ABB0F93424C8897C0071375E /* Build configuration list for PBXNativeTarget "MinArray11" */;
			buildPhases = (
				ABB0F92A24C8897C0071375E /* Sources */,
				ABB0F92B24C8897C0071375E /* Frameworks */,
				ABB0F92C24C8897C0071375E /* CopyFiles */,
			);
			buildRules = (
			);
			dependencies = (
			);
			name = MinArray11;
			productName = MinArray11;
			productReference = ABB0F92E24C8897C0071375E /* MinArray11 */;
			productType = "com.apple.product-type.tool";
		};
		ABC3C72324D06E2A0054E53D /* MaxSubArray42 */ = {
			isa = PBXNativeTarget;
			buildConfigurationList = ABC3C72A24D06E2A0054E53D /* Build configuration list for PBXNativeTarget "MaxSubArray42" */;
			buildPhases = (
				ABC3C72024D06E2A0054E53D /* Sources */,
				ABC3C72124D06E2A0054E53D /* Frameworks */,
				ABC3C72224D06E2A0054E53D /* CopyFiles */,
			);
			buildRules = (
			);
			dependencies = (
			);
			name = MaxSubArray42;
			productName = MaxSubArray42;
			productReference = ABC3C72424D06E2A0054E53D /* MaxSubArray42 */;
			productType = "com.apple.product-type.tool";
		};
		ABC3C72E24D078F60054E53D /* MirrorTree27 */ = {
			isa = PBXNativeTarget;
			buildConfigurationList = ABC3C73324D078F60054E53D /* Build configuration list for PBXNativeTarget "MirrorTree27" */;
			buildPhases = (
				ABC3C72B24D078F60054E53D /* Sources */,
				ABC3C72C24D078F60054E53D /* Frameworks */,
				ABC3C72D24D078F60054E53D /* CopyFiles */,
			);
			buildRules = (
			);
			dependencies = (
			);
			name = MirrorTree27;
			productName = MirrorTree27;
			productReference = ABC3C72F24D078F60054E53D /* MirrorTree27 */;
			productType = "com.apple.product-type.tool";
		};
		ABFAA7C724AB888600616059 /* BinarySearch */ = {
			isa = PBXNativeTarget;
			buildConfigurationList = ABFAA7CE24AB888600616059 /* Build configuration list for PBXNativeTarget "BinarySearch" */;
			buildPhases = (
				ABFAA7C424AB888600616059 /* Sources */,
				ABFAA7C524AB888600616059 /* Frameworks */,
				ABFAA7C624AB888600616059 /* CopyFiles */,
			);
			buildRules = (
			);
			dependencies = (
			);
			name = BinarySearch;
			productName = BinarySearch;
			productReference = ABFAA7C824AB888600616059 /* BinarySearch */;
			productType = "com.apple.product-type.tool";
		};
		ABFAA7D224AB88FC00616059 /* ReverseLinkList */ = {
			isa = PBXNativeTarget;
			buildConfigurationList = ABFAA7D724AB88FC00616059 /* Build configuration list for PBXNativeTarget "ReverseLinkList" */;
			buildPhases = (
				ABFAA7CF24AB88FC00616059 /* Sources */,
				ABFAA7D024AB88FC00616059 /* Frameworks */,
				ABFAA7D124AB88FC00616059 /* CopyFiles */,
			);
			buildRules = (
			);
			dependencies = (
			);
			name = ReverseLinkList;
			productName = ReverseLinkList;
			productReference = ABFAA7D324AB88FC00616059 /* ReverseLinkList */;
			productType = "com.apple.product-type.tool";
		};
		ABFAA7E024AB89A000616059 /* Singleton */ = {
			isa = PBXNativeTarget;
			buildConfigurationList = ABFAA7E524AB89A000616059 /* Build configuration list for PBXNativeTarget "Singleton" */;
			buildPhases = (
				ABFAA7DD24AB89A000616059 /* Sources */,
				ABFAA7DE24AB89A000616059 /* Frameworks */,
				ABFAA7DF24AB89A000616059 /* CopyFiles */,
			);
			buildRules = (
			);
			dependencies = (
			);
			name = Singleton;
			productName = Singleton;
			productReference = ABFAA7E124AB89A000616059 /* Singleton */;
			productType = "com.apple.product-type.tool";
		};
/* End PBXNativeTarget section */

/* Begin PBXProject section */
		11A19CBB24AADFFF008E4FD6 /* Project object */ = {
			isa = PBXProject;
			attributes = {
				LastUpgradeCheck = 1160;
				ORGANIZATIONNAME = "李旭阳[产品技术中心]";
				TargetAttributes = {
					1191EEBC24B308D4003F2FF9 = {
						CreatedOnToolsVersion = 11.5;
					};
					11A19CC224AAE000008E4FD6 = {
						CreatedOnToolsVersion = 11.5;
					};
					11A19CD024AAE026008E4FD6 = {
						CreatedOnToolsVersion = 11.5;
					};
					11A19CE124AB1A8E008E4FD6 = {
						CreatedOnToolsVersion = 11.5;
					};
					11F54E2424B83079009AEF55 = {
						CreatedOnToolsVersion = 11.5;
					};
					AB37209224C093610097B18C = {
						CreatedOnToolsVersion = 11.6;
					};
					AB4926BC24CD9FC40079AD44 = {
						CreatedOnToolsVersion = 11.6;
					};
					AB73017A24C72C1200FE09E4 = {
						CreatedOnToolsVersion = 11.6;
					};
					AB82431D24C9C9BA0063339B = {
						CreatedOnToolsVersion = 11.6;
					};
					ABAB6FA724B37074004F0743 = {
						CreatedOnToolsVersion = 11.5;
					};
					ABB0F92D24C8897C0071375E = {
						CreatedOnToolsVersion = 11.6;
					};
					ABC3C72324D06E2A0054E53D = {
						CreatedOnToolsVersion = 11.6;
					};
					ABC3C72E24D078F60054E53D = {
						CreatedOnToolsVersion = 11.6;
					};
					ABFAA7C724AB888600616059 = {
						CreatedOnToolsVersion = 11.5;
					};
					ABFAA7D224AB88FC00616059 = {
						CreatedOnToolsVersion = 11.5;
					};
					ABFAA7E024AB89A000616059 = {
						CreatedOnToolsVersion = 11.5;
					};
				};
			};
			buildConfigurationList = 11A19CBE24AADFFF008E4FD6 /* Build configuration list for PBXProject "ArrowToOffer" */;
			compatibilityVersion = "Xcode 9.3";
			developmentRegion = en;
			hasScannedForEncodings = 0;
			knownRegions = (
				en,
				Base,
			);
			mainGroup = 11A19CBA24AADFFF008E4FD6;
			productRefGroup = 11A19CC424AAE000008E4FD6 /* Products */;
			projectDirPath = "";
			projectRoot = "";
			targets = (
				11A19CC224AAE000008E4FD6 /* ArrowToOffer */,
				11A19CD024AAE026008E4FD6 /* FindRepeatNumber03 */,
				11A19CE124AB1A8E008E4FD6 /* HammingWeight15 */,
				ABFAA7C724AB888600616059 /* BinarySearch */,
				ABFAA7D224AB88FC00616059 /* ReverseLinkList */,
				ABFAA7E024AB89A000616059 /* Singleton */,
				1191EEBC24B308D4003F2FF9 /* TheDepthOfBinaryTree */,
				ABAB6FA724B37074004F0743 /* MaxDepth55 */,
				11F54E2424B83079009AEF55 /* QuickSork */,
				AB37209224C093610097B18C /* GetIntersectionNode52 */,
				AB73017A24C72C1200FE09E4 /* LevelOrder32 */,
				ABB0F92D24C8897C0071375E /* MinArray11 */,
				AB82431D24C9C9BA0063339B /* MinPathSum0064 */,
				AB4926BC24CD9FC40079AD44 /* FirstUniqChar50 */,
				ABC3C72324D06E2A0054E53D /* MaxSubArray42 */,
				ABC3C72E24D078F60054E53D /* MirrorTree27 */,
			);
		};
/* End PBXProject section */

/* Begin PBXSourcesBuildPhase section */
		1191EEB924B308D4003F2FF9 /* Sources */ = {
			isa = PBXSourcesBuildPhase;
			buildActionMask = 2147483647;
			files = (
				1191EEC024B308D5003F2FF9 /* main.m in Sources */,
				1191EEC924B309DD003F2FF9 /* BinaryTree.m in Sources */,
				1191EEC624B308EE003F2FF9 /* TreeNode.m in Sources */,
			);
			runOnlyForDeploymentPostprocessing = 0;
		};
		11A19CBF24AAE000008E4FD6 /* Sources */ = {
			isa = PBXSourcesBuildPhase;
			buildActionMask = 2147483647;
			files = (
				11A19CC724AAE000008E4FD6 /* main.m in Sources */,
			);
			runOnlyForDeploymentPostprocessing = 0;
		};
		11A19CCD24AAE026008E4FD6 /* Sources */ = {
			isa = PBXSourcesBuildPhase;
			buildActionMask = 2147483647;
			files = (
				11A19CDD24AB023B008E4FD6 /* FindrepeatNumber.m in Sources */,
				11A19CD424AAE026008E4FD6 /* main.m in Sources */,
			);
			runOnlyForDeploymentPostprocessing = 0;
		};
		11A19CDE24AB1A8E008E4FD6 /* Sources */ = {
			isa = PBXSourcesBuildPhase;
			buildActionMask = 2147483647;
			files = (
				11A19CE524AB1A8E008E4FD6 /* main.m in Sources */,
				11A19CEB24AB1AC8008E4FD6 /* HammingWeight.m in Sources */,
			);
			runOnlyForDeploymentPostprocessing = 0;
		};
		11F54E2124B83079009AEF55 /* Sources */ = {
			isa = PBXSourcesBuildPhase;
			buildActionMask = 2147483647;
			files = (
				11F54E2824B83079009AEF55 /* main.m in Sources */,
				11F54E3124B83927009AEF55 /* Sort.m in Sources */,
			);
			runOnlyForDeploymentPostprocessing = 0;
		};
		AB37208F24C093610097B18C /* Sources */ = {
			isa = PBXSourcesBuildPhase;
			buildActionMask = 2147483647;
			files = (
				AB37209624C093610097B18C /* main.m in Sources */,
				AB37209C24C0937C0097B18C /* ListNode.m in Sources */,
			);
			runOnlyForDeploymentPostprocessing = 0;
		};
		AB4926B924CD9FC40079AD44 /* Sources */ = {
			isa = PBXSourcesBuildPhase;
			buildActionMask = 2147483647;
			files = (
				AB4926C024CD9FC40079AD44 /* main.m in Sources */,
			);
			runOnlyForDeploymentPostprocessing = 0;
		};
		AB73017724C72C1200FE09E4 /* Sources */ = {
			isa = PBXSourcesBuildPhase;
			buildActionMask = 2147483647;
			files = (
				AB73017E24C72C1200FE09E4 /* main.m in Sources */,
				ABC3C73724D079130054E53D /* TreeNode.m in Sources */,
			);
			runOnlyForDeploymentPostprocessing = 0;
		};
		AB82431A24C9C9BA0063339B /* Sources */ = {
			isa = PBXSourcesBuildPhase;
			buildActionMask = 2147483647;
			files = (
				AB82432124C9C9BA0063339B /* main.m in Sources */,
			);
			runOnlyForDeploymentPostprocessing = 0;
		};
		ABAB6FA424B37074004F0743 /* Sources */ = {
			isa = PBXSourcesBuildPhase;
			buildActionMask = 2147483647;
			files = (
				ABAB6FAB24B37075004F0743 /* main.m in Sources */,
				ABAB6FB124B37087004F0743 /* TreeNode.m in Sources */,
			);
			runOnlyForDeploymentPostprocessing = 0;
		};
		ABB0F92A24C8897C0071375E /* Sources */ = {
			isa = PBXSourcesBuildPhase;
			buildActionMask = 2147483647;
			files = (
				ABB0F93124C8897C0071375E /* main.m in Sources */,
			);
			runOnlyForDeploymentPostprocessing = 0;
		};
		ABC3C72024D06E2A0054E53D /* Sources */ = {
			isa = PBXSourcesBuildPhase;
			buildActionMask = 2147483647;
			files = (
				ABC3C72724D06E2A0054E53D /* main.m in Sources */,
			);
			runOnlyForDeploymentPostprocessing = 0;
		};
		ABC3C72B24D078F60054E53D /* Sources */ = {
			isa = PBXSourcesBuildPhase;
			buildActionMask = 2147483647;
			files = (
				ABC3C73224D078F60054E53D /* main.m in Sources */,
				ABC3C73A24D079210054E53D /* TreeNode.m in Sources */,
			);
			runOnlyForDeploymentPostprocessing = 0;
		};
		ABFAA7C424AB888600616059 /* Sources */ = {
			isa = PBXSourcesBuildPhase;
			buildActionMask = 2147483647;
			files = (
				ABFAA7CB24AB888600616059 /* main.m in Sources */,
			);
			runOnlyForDeploymentPostprocessing = 0;
		};
		ABFAA7CF24AB88FC00616059 /* Sources */ = {
			isa = PBXSourcesBuildPhase;
			buildActionMask = 2147483647;
			files = (
				ABFAA7D624AB88FC00616059 /* main.m in Sources */,
				ABFAA7DC24AB891100616059 /* LinkNode.m in Sources */,
			);
			runOnlyForDeploymentPostprocessing = 0;
		};
		ABFAA7DD24AB89A000616059 /* Sources */ = {
			isa = PBXSourcesBuildPhase;
			buildActionMask = 2147483647;
			files = (
				ABFAA7E424AB89A000616059 /* main.m in Sources */,
				ABFAA7EA24AB89B100616059 /* Singleton.m in Sources */,
			);
			runOnlyForDeploymentPostprocessing = 0;
		};
/* End PBXSourcesBuildPhase section */

/* Begin XCBuildConfiguration section */
		1191EEC124B308D5003F2FF9 /* Debug */ = {
			isa = XCBuildConfiguration;
			buildSettings = {
				CODE_SIGN_IDENTITY = "-";
				CODE_SIGN_STYLE = Automatic;
				PRODUCT_NAME = "$(TARGET_NAME)";
			};
			name = Debug;
		};
		1191EEC224B308D5003F2FF9 /* Release */ = {
			isa = XCBuildConfiguration;
			buildSettings = {
				CODE_SIGN_IDENTITY = "-";
				CODE_SIGN_STYLE = Automatic;
				PRODUCT_NAME = "$(TARGET_NAME)";
			};
			name = Release;
		};
		11A19CC824AAE000008E4FD6 /* Debug */ = {
			isa = XCBuildConfiguration;
			buildSettings = {
				ALWAYS_SEARCH_USER_PATHS = NO;
				CLANG_ANALYZER_NONNULL = YES;
				CLANG_ANALYZER_NUMBER_OBJECT_CONVERSION = YES_AGGRESSIVE;
				CLANG_CXX_LANGUAGE_STANDARD = "gnu++14";
				CLANG_CXX_LIBRARY = "libc++";
				CLANG_ENABLE_MODULES = YES;
				CLANG_ENABLE_OBJC_ARC = YES;
				CLANG_ENABLE_OBJC_WEAK = YES;
				CLANG_WARN_BLOCK_CAPTURE_AUTORELEASING = YES;
				CLANG_WARN_BOOL_CONVERSION = YES;
				CLANG_WARN_COMMA = YES;
				CLANG_WARN_CONSTANT_CONVERSION = YES;
				CLANG_WARN_DEPRECATED_OBJC_IMPLEMENTATIONS = YES;
				CLANG_WARN_DIRECT_OBJC_ISA_USAGE = YES_ERROR;
				CLANG_WARN_DOCUMENTATION_COMMENTS = YES;
				CLANG_WARN_EMPTY_BODY = YES;
				CLANG_WARN_ENUM_CONVERSION = YES;
				CLANG_WARN_INFINITE_RECURSION = YES;
				CLANG_WARN_INT_CONVERSION = YES;
				CLANG_WARN_NON_LITERAL_NULL_CONVERSION = YES;
				CLANG_WARN_OBJC_IMPLICIT_RETAIN_SELF = YES;
				CLANG_WARN_OBJC_LITERAL_CONVERSION = YES;
				CLANG_WARN_OBJC_ROOT_CLASS = YES_ERROR;
				CLANG_WARN_RANGE_LOOP_ANALYSIS = YES;
				CLANG_WARN_STRICT_PROTOTYPES = YES;
				CLANG_WARN_SUSPICIOUS_MOVE = YES;
				CLANG_WARN_UNGUARDED_AVAILABILITY = YES_AGGRESSIVE;
				CLANG_WARN_UNREACHABLE_CODE = YES;
				CLANG_WARN__DUPLICATE_METHOD_MATCH = YES;
				COPY_PHASE_STRIP = NO;
				DEBUG_INFORMATION_FORMAT = dwarf;
				ENABLE_STRICT_OBJC_MSGSEND = YES;
				ENABLE_TESTABILITY = YES;
				GCC_C_LANGUAGE_STANDARD = gnu11;
				GCC_DYNAMIC_NO_PIC = NO;
				GCC_NO_COMMON_BLOCKS = YES;
				GCC_OPTIMIZATION_LEVEL = 0;
				GCC_PREPROCESSOR_DEFINITIONS = (
					"DEBUG=1",
					"$(inherited)",
				);
				GCC_WARN_64_TO_32_BIT_CONVERSION = YES;
				GCC_WARN_ABOUT_RETURN_TYPE = YES_ERROR;
				GCC_WARN_UNDECLARED_SELECTOR = YES;
				GCC_WARN_UNINITIALIZED_AUTOS = YES_AGGRESSIVE;
				GCC_WARN_UNUSED_FUNCTION = YES;
				GCC_WARN_UNUSED_VARIABLE = YES;
				MACOSX_DEPLOYMENT_TARGET = 10.15;
				MTL_ENABLE_DEBUG_INFO = INCLUDE_SOURCE;
				MTL_FAST_MATH = YES;
				ONLY_ACTIVE_ARCH = YES;
				SDKROOT = macosx;
			};
			name = Debug;
		};
		11A19CC924AAE000008E4FD6 /* Release */ = {
			isa = XCBuildConfiguration;
			buildSettings = {
				ALWAYS_SEARCH_USER_PATHS = NO;
				CLANG_ANALYZER_NONNULL = YES;
				CLANG_ANALYZER_NUMBER_OBJECT_CONVERSION = YES_AGGRESSIVE;
				CLANG_CXX_LANGUAGE_STANDARD = "gnu++14";
				CLANG_CXX_LIBRARY = "libc++";
				CLANG_ENABLE_MODULES = YES;
				CLANG_ENABLE_OBJC_ARC = YES;
				CLANG_ENABLE_OBJC_WEAK = YES;
				CLANG_WARN_BLOCK_CAPTURE_AUTORELEASING = YES;
				CLANG_WARN_BOOL_CONVERSION = YES;
				CLANG_WARN_COMMA = YES;
				CLANG_WARN_CONSTANT_CONVERSION = YES;
				CLANG_WARN_DEPRECATED_OBJC_IMPLEMENTATIONS = YES;
				CLANG_WARN_DIRECT_OBJC_ISA_USAGE = YES_ERROR;
				CLANG_WARN_DOCUMENTATION_COMMENTS = YES;
				CLANG_WARN_EMPTY_BODY = YES;
				CLANG_WARN_ENUM_CONVERSION = YES;
				CLANG_WARN_INFINITE_RECURSION = YES;
				CLANG_WARN_INT_CONVERSION = YES;
				CLANG_WARN_NON_LITERAL_NULL_CONVERSION = YES;
				CLANG_WARN_OBJC_IMPLICIT_RETAIN_SELF = YES;
				CLANG_WARN_OBJC_LITERAL_CONVERSION = YES;
				CLANG_WARN_OBJC_ROOT_CLASS = YES_ERROR;
				CLANG_WARN_RANGE_LOOP_ANALYSIS = YES;
				CLANG_WARN_STRICT_PROTOTYPES = YES;
				CLANG_WARN_SUSPICIOUS_MOVE = YES;
				CLANG_WARN_UNGUARDED_AVAILABILITY = YES_AGGRESSIVE;
				CLANG_WARN_UNREACHABLE_CODE = YES;
				CLANG_WARN__DUPLICATE_METHOD_MATCH = YES;
				COPY_PHASE_STRIP = NO;
				DEBUG_INFORMATION_FORMAT = "dwarf-with-dsym";
				ENABLE_NS_ASSERTIONS = NO;
				ENABLE_STRICT_OBJC_MSGSEND = YES;
				GCC_C_LANGUAGE_STANDARD = gnu11;
				GCC_NO_COMMON_BLOCKS = YES;
				GCC_WARN_64_TO_32_BIT_CONVERSION = YES;
				GCC_WARN_ABOUT_RETURN_TYPE = YES_ERROR;
				GCC_WARN_UNDECLARED_SELECTOR = YES;
				GCC_WARN_UNINITIALIZED_AUTOS = YES_AGGRESSIVE;
				GCC_WARN_UNUSED_FUNCTION = YES;
				GCC_WARN_UNUSED_VARIABLE = YES;
				MACOSX_DEPLOYMENT_TARGET = 10.15;
				MTL_ENABLE_DEBUG_INFO = NO;
				MTL_FAST_MATH = YES;
				SDKROOT = macosx;
			};
			name = Release;
		};
		11A19CCB24AAE000008E4FD6 /* Debug */ = {
			isa = XCBuildConfiguration;
			buildSettings = {
				CODE_SIGN_IDENTITY = "-";
				CODE_SIGN_STYLE = Automatic;
				ENABLE_HARDENED_RUNTIME = YES;
				PRODUCT_NAME = "$(TARGET_NAME)";
			};
			name = Debug;
		};
		11A19CCC24AAE000008E4FD6 /* Release */ = {
			isa = XCBuildConfiguration;
			buildSettings = {
				CODE_SIGN_IDENTITY = "-";
				CODE_SIGN_STYLE = Automatic;
				ENABLE_HARDENED_RUNTIME = YES;
				PRODUCT_NAME = "$(TARGET_NAME)";
			};
			name = Release;
		};
		11A19CD624AAE026008E4FD6 /* Debug */ = {
			isa = XCBuildConfiguration;
			buildSettings = {
				CODE_SIGN_IDENTITY = "-";
				CODE_SIGN_STYLE = Automatic;
				ENABLE_HARDENED_RUNTIME = YES;
				PRODUCT_NAME = "$(TARGET_NAME)";
			};
			name = Debug;
		};
		11A19CD724AAE026008E4FD6 /* Release */ = {
			isa = XCBuildConfiguration;
			buildSettings = {
				CODE_SIGN_IDENTITY = "-";
				CODE_SIGN_STYLE = Automatic;
				ENABLE_HARDENED_RUNTIME = YES;
				PRODUCT_NAME = "$(TARGET_NAME)";
			};
			name = Release;
		};
		11A19CE624AB1A8E008E4FD6 /* Debug */ = {
			isa = XCBuildConfiguration;
			buildSettings = {
				CODE_SIGN_IDENTITY = "-";
				CODE_SIGN_STYLE = Automatic;
				ENABLE_HARDENED_RUNTIME = YES;
				PRODUCT_NAME = "$(TARGET_NAME)";
			};
			name = Debug;
		};
		11A19CE724AB1A8E008E4FD6 /* Release */ = {
			isa = XCBuildConfiguration;
			buildSettings = {
				CODE_SIGN_IDENTITY = "-";
				CODE_SIGN_STYLE = Automatic;
				ENABLE_HARDENED_RUNTIME = YES;
				PRODUCT_NAME = "$(TARGET_NAME)";
			};
			name = Release;
		};
		11F54E2924B83079009AEF55 /* Debug */ = {
			isa = XCBuildConfiguration;
			buildSettings = {
				CODE_SIGN_IDENTITY = "-";
				CODE_SIGN_STYLE = Automatic;
				PRODUCT_NAME = "$(TARGET_NAME)";
			};
			name = Debug;
		};
		11F54E2A24B83079009AEF55 /* Release */ = {
			isa = XCBuildConfiguration;
			buildSettings = {
				CODE_SIGN_IDENTITY = "-";
				CODE_SIGN_STYLE = Automatic;
				PRODUCT_NAME = "$(TARGET_NAME)";
			};
			name = Release;
		};
		AB37209724C093610097B18C /* Debug */ = {
			isa = XCBuildConfiguration;
			buildSettings = {
				CODE_SIGN_IDENTITY = "-";
				CODE_SIGN_STYLE = Automatic;
				PRODUCT_NAME = "$(TARGET_NAME)";
			};
			name = Debug;
		};
		AB37209824C093610097B18C /* Release */ = {
			isa = XCBuildConfiguration;
			buildSettings = {
				CODE_SIGN_IDENTITY = "-";
				CODE_SIGN_STYLE = Automatic;
				PRODUCT_NAME = "$(TARGET_NAME)";
			};
			name = Release;
		};
		AB4926C124CD9FC40079AD44 /* Debug */ = {
			isa = XCBuildConfiguration;
			buildSettings = {
				CODE_SIGN_STYLE = Automatic;
				PRODUCT_NAME = "$(TARGET_NAME)";
			};
			name = Debug;
		};
		AB4926C224CD9FC40079AD44 /* Release */ = {
			isa = XCBuildConfiguration;
			buildSettings = {
				CODE_SIGN_STYLE = Automatic;
				PRODUCT_NAME = "$(TARGET_NAME)";
			};
			name = Release;
		};
		AB73018024C72C1200FE09E4 /* Debug */ = {
			isa = XCBuildConfiguration;
			buildSettings = {
				CODE_SIGN_IDENTITY = "-";
				CODE_SIGN_STYLE = Automatic;
				PRODUCT_NAME = "$(TARGET_NAME)";
			};
			name = Debug;
		};
		AB73018124C72C1200FE09E4 /* Release */ = {
			isa = XCBuildConfiguration;
			buildSettings = {
				CODE_SIGN_IDENTITY = "-";
				CODE_SIGN_STYLE = Automatic;
				PRODUCT_NAME = "$(TARGET_NAME)";
			};
			name = Release;
		};
		AB82432224C9C9BA0063339B /* Debug */ = {
			isa = XCBuildConfiguration;
			buildSettings = {
				CODE_SIGN_STYLE = Automatic;
				PRODUCT_NAME = "$(TARGET_NAME)";
			};
			name = Debug;
		};
		AB82432324C9C9BA0063339B /* Release */ = {
			isa = XCBuildConfiguration;
			buildSettings = {
				CODE_SIGN_STYLE = Automatic;
				PRODUCT_NAME = "$(TARGET_NAME)";
			};
			name = Release;
		};
		ABAB6FAC24B37075004F0743 /* Debug */ = {
			isa = XCBuildConfiguration;
			buildSettings = {
				CODE_SIGN_IDENTITY = "-";
				CODE_SIGN_STYLE = Automatic;
				PRODUCT_NAME = "$(TARGET_NAME)";
			};
			name = Debug;
		};
		ABAB6FAD24B37075004F0743 /* Release */ = {
			isa = XCBuildConfiguration;
			buildSettings = {
				CODE_SIGN_IDENTITY = "-";
				CODE_SIGN_STYLE = Automatic;
				PRODUCT_NAME = "$(TARGET_NAME)";
			};
			name = Release;
		};
		ABB0F93224C8897C0071375E /* Debug */ = {
			isa = XCBuildConfiguration;
			buildSettings = {
				CODE_SIGN_IDENTITY = "-";
				CODE_SIGN_STYLE = Automatic;
				PRODUCT_NAME = "$(TARGET_NAME)";
			};
			name = Debug;
		};
		ABB0F93324C8897C0071375E /* Release */ = {
			isa = XCBuildConfiguration;
			buildSettings = {
				CODE_SIGN_IDENTITY = "-";
				CODE_SIGN_STYLE = Automatic;
				PRODUCT_NAME = "$(TARGET_NAME)";
			};
			name = Release;
		};
		ABC3C72824D06E2A0054E53D /* Debug */ = {
			isa = XCBuildConfiguration;
			buildSettings = {
				CODE_SIGN_STYLE = Automatic;
				PRODUCT_NAME = "$(TARGET_NAME)";
			};
			name = Debug;
		};
		ABC3C72924D06E2A0054E53D /* Release */ = {
			isa = XCBuildConfiguration;
			buildSettings = {
				CODE_SIGN_STYLE = Automatic;
				PRODUCT_NAME = "$(TARGET_NAME)";
			};
			name = Release;
		};
		ABC3C73424D078F60054E53D /* Debug */ = {
			isa = XCBuildConfiguration;
			buildSettings = {
				CODE_SIGN_STYLE = Automatic;
				PRODUCT_NAME = "$(TARGET_NAME)";
			};
			name = Debug;
		};
		ABC3C73524D078F60054E53D /* Release */ = {
			isa = XCBuildConfiguration;
			buildSettings = {
				CODE_SIGN_STYLE = Automatic;
				PRODUCT_NAME = "$(TARGET_NAME)";
			};
			name = Release;
		};
		ABFAA7CC24AB888600616059 /* Debug */ = {
			isa = XCBuildConfiguration;
			buildSettings = {
				CODE_SIGN_IDENTITY = "-";
				CODE_SIGN_STYLE = Automatic;
				ENABLE_HARDENED_RUNTIME = YES;
				PRODUCT_NAME = "$(TARGET_NAME)";
			};
			name = Debug;
		};
		ABFAA7CD24AB888600616059 /* Release */ = {
			isa = XCBuildConfiguration;
			buildSettings = {
				CODE_SIGN_IDENTITY = "-";
				CODE_SIGN_STYLE = Automatic;
				ENABLE_HARDENED_RUNTIME = YES;
				PRODUCT_NAME = "$(TARGET_NAME)";
			};
			name = Release;
		};
		ABFAA7D824AB88FC00616059 /* Debug */ = {
			isa = XCBuildConfiguration;
			buildSettings = {
				CODE_SIGN_IDENTITY = "-";
				CODE_SIGN_STYLE = Automatic;
				ENABLE_HARDENED_RUNTIME = YES;
				PRODUCT_NAME = "$(TARGET_NAME)";
			};
			name = Debug;
		};
		ABFAA7D924AB88FC00616059 /* Release */ = {
			isa = XCBuildConfiguration;
			buildSettings = {
				CODE_SIGN_IDENTITY = "-";
				CODE_SIGN_STYLE = Automatic;
				ENABLE_HARDENED_RUNTIME = YES;
				PRODUCT_NAME = "$(TARGET_NAME)";
			};
			name = Release;
		};
		ABFAA7E624AB89A000616059 /* Debug */ = {
			isa = XCBuildConfiguration;
			buildSettings = {
				CODE_SIGN_IDENTITY = "-";
				CODE_SIGN_STYLE = Automatic;
				ENABLE_HARDENED_RUNTIME = YES;
				PRODUCT_NAME = "$(TARGET_NAME)";
			};
			name = Debug;
		};
		ABFAA7E724AB89A000616059 /* Release */ = {
			isa = XCBuildConfiguration;
			buildSettings = {
				CODE_SIGN_IDENTITY = "-";
				CODE_SIGN_STYLE = Automatic;
				ENABLE_HARDENED_RUNTIME = YES;
				PRODUCT_NAME = "$(TARGET_NAME)";
			};
			name = Release;
		};
/* End XCBuildConfiguration section */

/* Begin XCConfigurationList section */
		1191EEC324B308D5003F2FF9 /* Build configuration list for PBXNativeTarget "TheDepthOfBinaryTree" */ = {
			isa = XCConfigurationList;
			buildConfigurations = (
				1191EEC124B308D5003F2FF9 /* Debug */,
				1191EEC224B308D5003F2FF9 /* Release */,
			);
			defaultConfigurationIsVisible = 0;
			defaultConfigurationName = Release;
		};
		11A19CBE24AADFFF008E4FD6 /* Build configuration list for PBXProject "ArrowToOffer" */ = {
			isa = XCConfigurationList;
			buildConfigurations = (
				11A19CC824AAE000008E4FD6 /* Debug */,
				11A19CC924AAE000008E4FD6 /* Release */,
			);
			defaultConfigurationIsVisible = 0;
			defaultConfigurationName = Release;
		};
		11A19CCA24AAE000008E4FD6 /* Build configuration list for PBXNativeTarget "ArrowToOffer" */ = {
			isa = XCConfigurationList;
			buildConfigurations = (
				11A19CCB24AAE000008E4FD6 /* Debug */,
				11A19CCC24AAE000008E4FD6 /* Release */,
			);
			defaultConfigurationIsVisible = 0;
			defaultConfigurationName = Release;
		};
		11A19CD524AAE026008E4FD6 /* Build configuration list for PBXNativeTarget "FindRepeatNumber03" */ = {
			isa = XCConfigurationList;
			buildConfigurations = (
				11A19CD624AAE026008E4FD6 /* Debug */,
				11A19CD724AAE026008E4FD6 /* Release */,
			);
			defaultConfigurationIsVisible = 0;
			defaultConfigurationName = Release;
		};
		11A19CE824AB1A8E008E4FD6 /* Build configuration list for PBXNativeTarget "HammingWeight15" */ = {
			isa = XCConfigurationList;
			buildConfigurations = (
				11A19CE624AB1A8E008E4FD6 /* Debug */,
				11A19CE724AB1A8E008E4FD6 /* Release */,
			);
			defaultConfigurationIsVisible = 0;
			defaultConfigurationName = Release;
		};
		11F54E2B24B83079009AEF55 /* Build configuration list for PBXNativeTarget "QuickSork" */ = {
			isa = XCConfigurationList;
			buildConfigurations = (
				11F54E2924B83079009AEF55 /* Debug */,
				11F54E2A24B83079009AEF55 /* Release */,
			);
			defaultConfigurationIsVisible = 0;
			defaultConfigurationName = Release;
		};
		AB37209924C093610097B18C /* Build configuration list for PBXNativeTarget "GetIntersectionNode52" */ = {
			isa = XCConfigurationList;
			buildConfigurations = (
				AB37209724C093610097B18C /* Debug */,
				AB37209824C093610097B18C /* Release */,
			);
			defaultConfigurationIsVisible = 0;
			defaultConfigurationName = Release;
		};
		AB4926C324CD9FC40079AD44 /* Build configuration list for PBXNativeTarget "FirstUniqChar50" */ = {
			isa = XCConfigurationList;
			buildConfigurations = (
				AB4926C124CD9FC40079AD44 /* Debug */,
				AB4926C224CD9FC40079AD44 /* Release */,
			);
			defaultConfigurationIsVisible = 0;
			defaultConfigurationName = Release;
		};
		AB73017F24C72C1200FE09E4 /* Build configuration list for PBXNativeTarget "LevelOrder32" */ = {
			isa = XCConfigurationList;
			buildConfigurations = (
				AB73018024C72C1200FE09E4 /* Debug */,
				AB73018124C72C1200FE09E4 /* Release */,
			);
			defaultConfigurationIsVisible = 0;
			defaultConfigurationName = Release;
		};
		AB82432424C9C9BA0063339B /* Build configuration list for PBXNativeTarget "MinPathSum0064" */ = {
			isa = XCConfigurationList;
			buildConfigurations = (
				AB82432224C9C9BA0063339B /* Debug */,
				AB82432324C9C9BA0063339B /* Release */,
			);
			defaultConfigurationIsVisible = 0;
			defaultConfigurationName = Release;
		};
		ABAB6FAE24B37075004F0743 /* Build configuration list for PBXNativeTarget "MaxDepth55" */ = {
			isa = XCConfigurationList;
			buildConfigurations = (
				ABAB6FAC24B37075004F0743 /* Debug */,
				ABAB6FAD24B37075004F0743 /* Release */,
			);
			defaultConfigurationIsVisible = 0;
			defaultConfigurationName = Release;
		};
		ABB0F93424C8897C0071375E /* Build configuration list for PBXNativeTarget "MinArray11" */ = {
			isa = XCConfigurationList;
			buildConfigurations = (
				ABB0F93224C8897C0071375E /* Debug */,
				ABB0F93324C8897C0071375E /* Release */,
			);
			defaultConfigurationIsVisible = 0;
			defaultConfigurationName = Release;
		};
		ABC3C72A24D06E2A0054E53D /* Build configuration list for PBXNativeTarget "MaxSubArray42" */ = {
			isa = XCConfigurationList;
			buildConfigurations = (
				ABC3C72824D06E2A0054E53D /* Debug */,
				ABC3C72924D06E2A0054E53D /* Release */,
			);
			defaultConfigurationIsVisible = 0;
			defaultConfigurationName = Release;
		};
		ABC3C73324D078F60054E53D /* Build configuration list for PBXNativeTarget "MirrorTree27" */ = {
			isa = XCConfigurationList;
			buildConfigurations = (
				ABC3C73424D078F60054E53D /* Debug */,
				ABC3C73524D078F60054E53D /* Release */,
			);
			defaultConfigurationIsVisible = 0;
			defaultConfigurationName = Release;
		};
		ABFAA7CE24AB888600616059 /* Build configuration list for PBXNativeTarget "BinarySearch" */ = {
			isa = XCConfigurationList;
			buildConfigurations = (
				ABFAA7CC24AB888600616059 /* Debug */,
				ABFAA7CD24AB888600616059 /* Release */,
			);
			defaultConfigurationIsVisible = 0;
			defaultConfigurationName = Release;
		};
		ABFAA7D724AB88FC00616059 /* Build configuration list for PBXNativeTarget "ReverseLinkList" */ = {
			isa = XCConfigurationList;
			buildConfigurations = (
				ABFAA7D824AB88FC00616059 /* Debug */,
				ABFAA7D924AB88FC00616059 /* Release */,
			);
			defaultConfigurationIsVisible = 0;
			defaultConfigurationName = Release;
		};
		ABFAA7E524AB89A000616059 /* Build configuration list for PBXNativeTarget "Singleton" */ = {
			isa = XCConfigurationList;
			buildConfigurations = (
				ABFAA7E624AB89A000616059 /* Debug */,
				ABFAA7E724AB89A000616059 /* Release */,
			);
			defaultConfigurationIsVisible = 0;
			defaultConfigurationName = Release;
		};
/* End XCConfigurationList section */
	};
	rootObject = 11A19CBB24AADFFF008E4FD6 /* Project object */;
}
