// !$*UTF8*$!
{
	archiveVersion = 1;
	classes = {
	};
	objectVersion = 50;
	objects = {

/* Begin PBXBuildFile section */
		11A19CC724AAE000008E4FD6 /* main.m in Sources */ = {isa = PBXBuildFile; fileRef = 11A19CC624AAE000008E4FD6 /* main.m */; };
		11A19CD424AAE026008E4FD6 /* main.m in Sources */ = {isa = PBXBuildFile; fileRef = 11A19CD324AAE026008E4FD6 /* main.m */; };
		11A19CDD24AB023B008E4FD6 /* FindrepeatNumber.m in Sources */ = {isa = PBXBuildFile; fileRef = 11A19CDC24AB023B008E4FD6 /* FindrepeatNumber.m */; };
		11A19CE524AB1A8E008E4FD6 /* main.m in Sources */ = {isa = PBXBuildFile; fileRef = 11A19CE424AB1A8E008E4FD6 /* main.m */; };
		11A19CEB24AB1AC8008E4FD6 /* HammingWeight.m in Sources */ = {isa = PBXBuildFile; fileRef = 11A19CEA24AB1AC8008E4FD6 /* HammingWeight.m */; };
		ABFAA7CB24AB888600616059 /* main.m in Sources */ = {isa = PBXBuildFile; fileRef = ABFAA7CA24AB888600616059 /* main.m */; };
/* End PBXBuildFile section */

/* Begin PBXCopyFilesBuildPhase section */
		11A19CC124AAE000008E4FD6 /* CopyFiles */ = {
			isa = PBXCopyFilesBuildPhase;
			buildActionMask = 2147483647;
			dstPath = /usr/share/man/man1/;
			dstSubfolderSpec = 0;
			files = (
			);
			runOnlyForDeploymentPostprocessing = 1;
		};
		11A19CCF24AAE026008E4FD6 /* CopyFiles */ = {
			isa = PBXCopyFilesBuildPhase;
			buildActionMask = 2147483647;
			dstPath = /usr/share/man/man1/;
			dstSubfolderSpec = 0;
			files = (
			);
			runOnlyForDeploymentPostprocessing = 1;
		};
		11A19CE024AB1A8E008E4FD6 /* CopyFiles */ = {
			isa = PBXCopyFilesBuildPhase;
			buildActionMask = 2147483647;
			dstPath = /usr/share/man/man1/;
			dstSubfolderSpec = 0;
			files = (
			);
			runOnlyForDeploymentPostprocessing = 1;
		};
		ABFAA7C624AB888600616059 /* CopyFiles */ = {
			isa = PBXCopyFilesBuildPhase;
			buildActionMask = 2147483647;
			dstPath = /usr/share/man/man1/;
			dstSubfolderSpec = 0;
			files = (
			);
			runOnlyForDeploymentPostprocessing = 1;
		};
/* End PBXCopyFilesBuildPhase section */

/* Begin PBXFileReference section */
		11A19CC324AAE000008E4FD6 /* ArrowToOffer */ = {isa = PBXFileReference; explicitFileType = "compiled.mach-o.executable"; includeInIndex = 0; path = ArrowToOffer; sourceTree = BUILT_PRODUCTS_DIR; };
		11A19CC624AAE000008E4FD6 /* main.m */ = {isa = PBXFileReference; lastKnownFileType = sourcecode.c.objc; path = main.m; sourceTree = "<group>"; };
		11A19CD124AAE026008E4FD6 /* FindRepeatNumber03 */ = {isa = PBXFileReference; explicitFileType = "compiled.mach-o.executable"; includeInIndex = 0; path = FindRepeatNumber03; sourceTree = BUILT_PRODUCTS_DIR; };
		11A19CD324AAE026008E4FD6 /* main.m */ = {isa = PBXFileReference; lastKnownFileType = sourcecode.c.objc; path = main.m; sourceTree = "<group>"; };
		11A19CDB24AB023B008E4FD6 /* FindrepeatNumber.h */ = {isa = PBXFileReference; lastKnownFileType = sourcecode.c.h; path = FindrepeatNumber.h; sourceTree = "<group>"; };
		11A19CDC24AB023B008E4FD6 /* FindrepeatNumber.m */ = {isa = PBXFileReference; lastKnownFileType = sourcecode.c.objc; path = FindrepeatNumber.m; sourceTree = "<group>"; };
		11A19CE224AB1A8E008E4FD6 /* HammingWeight15 */ = {isa = PBXFileReference; explicitFileType = "compiled.mach-o.executable"; includeInIndex = 0; path = HammingWeight15; sourceTree = BUILT_PRODUCTS_DIR; };
		11A19CE424AB1A8E008E4FD6 /* main.m */ = {isa = PBXFileReference; lastKnownFileType = sourcecode.c.objc; path = main.m; sourceTree = "<group>"; };
		11A19CE924AB1AC8008E4FD6 /* HammingWeight.h */ = {isa = PBXFileReference; lastKnownFileType = sourcecode.c.h; path = HammingWeight.h; sourceTree = "<group>"; };
		11A19CEA24AB1AC8008E4FD6 /* HammingWeight.m */ = {isa = PBXFileReference; lastKnownFileType = sourcecode.c.objc; path = HammingWeight.m; sourceTree = "<group>"; };
		ABFAA7C824AB888600616059 /* BinarySearch */ = {isa = PBXFileReference; explicitFileType = "compiled.mach-o.executable"; includeInIndex = 0; path = BinarySearch; sourceTree = BUILT_PRODUCTS_DIR; };
		ABFAA7CA24AB888600616059 /* main.m */ = {isa = PBXFileReference; lastKnownFileType = sourcecode.c.objc; path = main.m; sourceTree = "<group>"; };
/* End PBXFileReference section */

/* Begin PBXFrameworksBuildPhase section */
		11A19CC024AAE000008E4FD6 /* Frameworks */ = {
			isa = PBXFrameworksBuildPhase;
			buildActionMask = 2147483647;
			files = (
			);
			runOnlyForDeploymentPostprocessing = 0;
		};
		11A19CCE24AAE026008E4FD6 /* Frameworks */ = {
			isa = PBXFrameworksBuildPhase;
			buildActionMask = 2147483647;
			files = (
			);
			runOnlyForDeploymentPostprocessing = 0;
		};
		11A19CDF24AB1A8E008E4FD6 /* Frameworks */ = {
			isa = PBXFrameworksBuildPhase;
			buildActionMask = 2147483647;
			files = (
			);
			runOnlyForDeploymentPostprocessing = 0;
		};
		ABFAA7C524AB888600616059 /* Frameworks */ = {
			isa = PBXFrameworksBuildPhase;
			buildActionMask = 2147483647;
			files = (
			);
			runOnlyForDeploymentPostprocessing = 0;
		};
/* End PBXFrameworksBuildPhase section */

/* Begin PBXGroup section */
		11A19CBA24AADFFF008E4FD6 = {
			isa = PBXGroup;
			children = (
				11A19CC524AAE000008E4FD6 /* ArrowToOffer */,
				11A19CD224AAE026008E4FD6 /* FindRepeatNumber03 */,
				11A19CE324AB1A8E008E4FD6 /* HammingWeight15 */,
				ABFAA7C924AB888600616059 /* BinarySearch */,
				11A19CC424AAE000008E4FD6 /* Products */,
			);
			sourceTree = "<group>";
		};
		11A19CC424AAE000008E4FD6 /* Products */ = {
			isa = PBXGroup;
			children = (
				11A19CC324AAE000008E4FD6 /* ArrowToOffer */,
				11A19CD124AAE026008E4FD6 /* FindRepeatNumber03 */,
				11A19CE224AB1A8E008E4FD6 /* HammingWeight15 */,
				ABFAA7C824AB888600616059 /* BinarySearch */,
			);
			name = Products;
			sourceTree = "<group>";
		};
		11A19CC524AAE000008E4FD6 /* ArrowToOffer */ = {
			isa = PBXGroup;
			children = (
				11A19CC624AAE000008E4FD6 /* main.m */,
			);
			path = ArrowToOffer;
			sourceTree = "<group>";
		};
		11A19CD224AAE026008E4FD6 /* FindRepeatNumber03 */ = {
			isa = PBXGroup;
			children = (
				11A19CD324AAE026008E4FD6 /* main.m */,
				11A19CDB24AB023B008E4FD6 /* FindrepeatNumber.h */,
				11A19CDC24AB023B008E4FD6 /* FindrepeatNumber.m */,
			);
			path = FindRepeatNumber03;
			sourceTree = "<group>";
		};
		11A19CE324AB1A8E008E4FD6 /* HammingWeight15 */ = {
			isa = PBXGroup;
			children = (
				11A19CE424AB1A8E008E4FD6 /* main.m */,
				11A19CE924AB1AC8008E4FD6 /* HammingWeight.h */,
				11A19CEA24AB1AC8008E4FD6 /* HammingWeight.m */,
			);
			path = HammingWeight15;
			sourceTree = "<group>";
		};
		ABFAA7C924AB888600616059 /* BinarySearch */ = {
			isa = PBXGroup;
			children = (
				ABFAA7CA24AB888600616059 /* main.m */,
			);
			path = BinarySearch;
			sourceTree = "<group>";
		};
/* End PBXGroup section */

/* Begin PBXNativeTarget section */
		11A19CC224AAE000008E4FD6 /* ArrowToOffer */ = {
			isa = PBXNativeTarget;
			buildConfigurationList = 11A19CCA24AAE000008E4FD6 /* Build configuration list for PBXNativeTarget "ArrowToOffer" */;
			buildPhases = (
				11A19CBF24AAE000008E4FD6 /* Sources */,
				11A19CC024AAE000008E4FD6 /* Frameworks */,
				11A19CC124AAE000008E4FD6 /* CopyFiles */,
			);
			buildRules = (
			);
			dependencies = (
			);
			name = ArrowToOffer;
			productName = ArrowToOffer;
			productReference = 11A19CC324AAE000008E4FD6 /* ArrowToOffer */;
			productType = "com.apple.product-type.tool";
		};
		11A19CD024AAE026008E4FD6 /* FindRepeatNumber03 */ = {
			isa = PBXNativeTarget;
			buildConfigurationList = 11A19CD524AAE026008E4FD6 /* Build configuration list for PBXNativeTarget "FindRepeatNumber03" */;
			buildPhases = (
				11A19CCD24AAE026008E4FD6 /* Sources */,
				11A19CCE24AAE026008E4FD6 /* Frameworks */,
				11A19CCF24AAE026008E4FD6 /* CopyFiles */,
			);
			buildRules = (
			);
			dependencies = (
			);
			name = FindRepeatNumber03;
			productName = FindRepeatNumber03;
			productReference = 11A19CD124AAE026008E4FD6 /* FindRepeatNumber03 */;
			productType = "com.apple.product-type.tool";
		};
		11A19CE124AB1A8E008E4FD6 /* HammingWeight15 */ = {
			isa = PBXNativeTarget;
			buildConfigurationList = 11A19CE824AB1A8E008E4FD6 /* Build configuration list for PBXNativeTarget "HammingWeight15" */;
			buildPhases = (
				11A19CDE24AB1A8E008E4FD6 /* Sources */,
				11A19CDF24AB1A8E008E4FD6 /* Frameworks */,
				11A19CE024AB1A8E008E4FD6 /* CopyFiles */,
			);
			buildRules = (
			);
			dependencies = (
			);
			name = HammingWeight15;
			productName = HammingWeight15;
			productReference = 11A19CE224AB1A8E008E4FD6 /* HammingWeight15 */;
			productType = "com.apple.product-type.tool";
		};
		ABFAA7C724AB888600616059 /* BinarySearch */ = {
			isa = PBXNativeTarget;
			buildConfigurationList = ABFAA7CE24AB888600616059 /* Build configuration list for PBXNativeTarget "BinarySearch" */;
			buildPhases = (
				ABFAA7C424AB888600616059 /* Sources */,
				ABFAA7C524AB888600616059 /* Frameworks */,
				ABFAA7C624AB888600616059 /* CopyFiles */,
			);
			buildRules = (
			);
			dependencies = (
			);
			name = BinarySearch;
			productName = BinarySearch;
			productReference = ABFAA7C824AB888600616059 /* BinarySearch */;
			productType = "com.apple.product-type.tool";
		};
/* End PBXNativeTarget section */

/* Begin PBXProject section */
		11A19CBB24AADFFF008E4FD6 /* Project object */ = {
			isa = PBXProject;
			attributes = {
				LastUpgradeCheck = 1150;
				ORGANIZATIONNAME = "李旭阳[产品技术中心]";
				TargetAttributes = {
					11A19CC224AAE000008E4FD6 = {
						CreatedOnToolsVersion = 11.5;
					};
					11A19CD024AAE026008E4FD6 = {
						CreatedOnToolsVersion = 11.5;
					};
					11A19CE124AB1A8E008E4FD6 = {
						CreatedOnToolsVersion = 11.5;
					};
					ABFAA7C724AB888600616059 = {
						CreatedOnToolsVersion = 11.5;
					};
				};
			};
			buildConfigurationList = 11A19CBE24AADFFF008E4FD6 /* Build configuration list for PBXProject "ArrowToOffer" */;
			compatibilityVersion = "Xcode 9.3";
			developmentRegion = en;
			hasScannedForEncodings = 0;
			knownRegions = (
				en,
				Base,
			);
			mainGroup = 11A19CBA24AADFFF008E4FD6;
			productRefGroup = 11A19CC424AAE000008E4FD6 /* Products */;
			projectDirPath = "";
			projectRoot = "";
			targets = (
				11A19CC224AAE000008E4FD6 /* ArrowToOffer */,
				11A19CD024AAE026008E4FD6 /* FindRepeatNumber03 */,
				11A19CE124AB1A8E008E4FD6 /* HammingWeight15 */,
				ABFAA7C724AB888600616059 /* BinarySearch */,
			);
		};
/* End PBXProject section */

/* Begin PBXSourcesBuildPhase section */
		11A19CBF24AAE000008E4FD6 /* Sources */ = {
			isa = PBXSourcesBuildPhase;
			buildActionMask = 2147483647;
			files = (
				11A19CC724AAE000008E4FD6 /* main.m in Sources */,
			);
			runOnlyForDeploymentPostprocessing = 0;
		};
		11A19CCD24AAE026008E4FD6 /* Sources */ = {
			isa = PBXSourcesBuildPhase;
			buildActionMask = 2147483647;
			files = (
				11A19CDD24AB023B008E4FD6 /* FindrepeatNumber.m in Sources */,
				11A19CD424AAE026008E4FD6 /* main.m in Sources */,
			);
			runOnlyForDeploymentPostprocessing = 0;
		};
		11A19CDE24AB1A8E008E4FD6 /* Sources */ = {
			isa = PBXSourcesBuildPhase;
			buildActionMask = 2147483647;
			files = (
				11A19CE524AB1A8E008E4FD6 /* main.m in Sources */,
				11A19CEB24AB1AC8008E4FD6 /* HammingWeight.m in Sources */,
			);
			runOnlyForDeploymentPostprocessing = 0;
		};
		ABFAA7C424AB888600616059 /* Sources */ = {
			isa = PBXSourcesBuildPhase;
			buildActionMask = 2147483647;
			files = (
				ABFAA7CB24AB888600616059 /* main.m in Sources */,
			);
			runOnlyForDeploymentPostprocessing = 0;
		};
/* End PBXSourcesBuildPhase section */

/* Begin XCBuildConfiguration section */
		11A19CC824AAE000008E4FD6 /* Debug */ = {
			isa = XCBuildConfiguration;
			buildSettings = {
				ALWAYS_SEARCH_USER_PATHS = NO;
				CLANG_ANALYZER_NONNULL = YES;
				CLANG_ANALYZER_NUMBER_OBJECT_CONVERSION = YES_AGGRESSIVE;
				CLANG_CXX_LANGUAGE_STANDARD = "gnu++14";
				CLANG_CXX_LIBRARY = "libc++";
				CLANG_ENABLE_MODULES = YES;
				CLANG_ENABLE_OBJC_ARC = YES;
				CLANG_ENABLE_OBJC_WEAK = YES;
				CLANG_WARN_BLOCK_CAPTURE_AUTORELEASING = YES;
				CLANG_WARN_BOOL_CONVERSION = YES;
				CLANG_WARN_COMMA = YES;
				CLANG_WARN_CONSTANT_CONVERSION = YES;
				CLANG_WARN_DEPRECATED_OBJC_IMPLEMENTATIONS = YES;
				CLANG_WARN_DIRECT_OBJC_ISA_USAGE = YES_ERROR;
				CLANG_WARN_DOCUMENTATION_COMMENTS = YES;
				CLANG_WARN_EMPTY_BODY = YES;
				CLANG_WARN_ENUM_CONVERSION = YES;
				CLANG_WARN_INFINITE_RECURSION = YES;
				CLANG_WARN_INT_CONVERSION = YES;
				CLANG_WARN_NON_LITERAL_NULL_CONVERSION = YES;
				CLANG_WARN_OBJC_IMPLICIT_RETAIN_SELF = YES;
				CLANG_WARN_OBJC_LITERAL_CONVERSION = YES;
				CLANG_WARN_OBJC_ROOT_CLASS = YES_ERROR;
				CLANG_WARN_RANGE_LOOP_ANALYSIS = YES;
				CLANG_WARN_STRICT_PROTOTYPES = YES;
				CLANG_WARN_SUSPICIOUS_MOVE = YES;
				CLANG_WARN_UNGUARDED_AVAILABILITY = YES_AGGRESSIVE;
				CLANG_WARN_UNREACHABLE_CODE = YES;
				CLANG_WARN__DUPLICATE_METHOD_MATCH = YES;
				COPY_PHASE_STRIP = NO;
				DEBUG_INFORMATION_FORMAT = dwarf;
				ENABLE_STRICT_OBJC_MSGSEND = YES;
				ENABLE_TESTABILITY = YES;
				GCC_C_LANGUAGE_STANDARD = gnu11;
				GCC_DYNAMIC_NO_PIC = NO;
				GCC_NO_COMMON_BLOCKS = YES;
				GCC_OPTIMIZATION_LEVEL = 0;
				GCC_PREPROCESSOR_DEFINITIONS = (
					"DEBUG=1",
					"$(inherited)",
				);
				GCC_WARN_64_TO_32_BIT_CONVERSION = YES;
				GCC_WARN_ABOUT_RETURN_TYPE = YES_ERROR;
				GCC_WARN_UNDECLARED_SELECTOR = YES;
				GCC_WARN_UNINITIALIZED_AUTOS = YES_AGGRESSIVE;
				GCC_WARN_UNUSED_FUNCTION = YES;
				GCC_WARN_UNUSED_VARIABLE = YES;
				MACOSX_DEPLOYMENT_TARGET = 10.15;
				MTL_ENABLE_DEBUG_INFO = INCLUDE_SOURCE;
				MTL_FAST_MATH = YES;
				ONLY_ACTIVE_ARCH = YES;
				SDKROOT = macosx;
			};
			name = Debug;
		};
		11A19CC924AAE000008E4FD6 /* Release */ = {
			isa = XCBuildConfiguration;
			buildSettings = {
				ALWAYS_SEARCH_USER_PATHS = NO;
				CLANG_ANALYZER_NONNULL = YES;
				CLANG_ANALYZER_NUMBER_OBJECT_CONVERSION = YES_AGGRESSIVE;
				CLANG_CXX_LANGUAGE_STANDARD = "gnu++14";
				CLANG_CXX_LIBRARY = "libc++";
				CLANG_ENABLE_MODULES = YES;
				CLANG_ENABLE_OBJC_ARC = YES;
				CLANG_ENABLE_OBJC_WEAK = YES;
				CLANG_WARN_BLOCK_CAPTURE_AUTORELEASING = YES;
				CLANG_WARN_BOOL_CONVERSION = YES;
				CLANG_WARN_COMMA = YES;
				CLANG_WARN_CONSTANT_CONVERSION = YES;
				CLANG_WARN_DEPRECATED_OBJC_IMPLEMENTATIONS = YES;
				CLANG_WARN_DIRECT_OBJC_ISA_USAGE = YES_ERROR;
				CLANG_WARN_DOCUMENTATION_COMMENTS = YES;
				CLANG_WARN_EMPTY_BODY = YES;
				CLANG_WARN_ENUM_CONVERSION = YES;
				CLANG_WARN_INFINITE_RECURSION = YES;
				CLANG_WARN_INT_CONVERSION = YES;
				CLANG_WARN_NON_LITERAL_NULL_CONVERSION = YES;
				CLANG_WARN_OBJC_IMPLICIT_RETAIN_SELF = YES;
				CLANG_WARN_OBJC_LITERAL_CONVERSION = YES;
				CLANG_WARN_OBJC_ROOT_CLASS = YES_ERROR;
				CLANG_WARN_RANGE_LOOP_ANALYSIS = YES;
				CLANG_WARN_STRICT_PROTOTYPES = YES;
				CLANG_WARN_SUSPICIOUS_MOVE = YES;
				CLANG_WARN_UNGUARDED_AVAILABILITY = YES_AGGRESSIVE;
				CLANG_WARN_UNREACHABLE_CODE = YES;
				CLANG_WARN__DUPLICATE_METHOD_MATCH = YES;
				COPY_PHASE_STRIP = NO;
				DEBUG_INFORMATION_FORMAT = "dwarf-with-dsym";
				ENABLE_NS_ASSERTIONS = NO;
				ENABLE_STRICT_OBJC_MSGSEND = YES;
				GCC_C_LANGUAGE_STANDARD = gnu11;
				GCC_NO_COMMON_BLOCKS = YES;
				GCC_WARN_64_TO_32_BIT_CONVERSION = YES;
				GCC_WARN_ABOUT_RETURN_TYPE = YES_ERROR;
				GCC_WARN_UNDECLARED_SELECTOR = YES;
				GCC_WARN_UNINITIALIZED_AUTOS = YES_AGGRESSIVE;
				GCC_WARN_UNUSED_FUNCTION = YES;
				GCC_WARN_UNUSED_VARIABLE = YES;
				MACOSX_DEPLOYMENT_TARGET = 10.15;
				MTL_ENABLE_DEBUG_INFO = NO;
				MTL_FAST_MATH = YES;
				SDKROOT = macosx;
			};
			name = Release;
		};
		11A19CCB24AAE000008E4FD6 /* Debug */ = {
			isa = XCBuildConfiguration;
			buildSettings = {
				CODE_SIGN_STYLE = Automatic;
				DEVELOPMENT_TEAM = KB7N82RNAZ;
				ENABLE_HARDENED_RUNTIME = YES;
				PRODUCT_NAME = "$(TARGET_NAME)";
			};
			name = Debug;
		};
		11A19CCC24AAE000008E4FD6 /* Release */ = {
			isa = XCBuildConfiguration;
			buildSettings = {
				CODE_SIGN_STYLE = Automatic;
				DEVELOPMENT_TEAM = KB7N82RNAZ;
				ENABLE_HARDENED_RUNTIME = YES;
				PRODUCT_NAME = "$(TARGET_NAME)";
			};
			name = Release;
		};
		11A19CD624AAE026008E4FD6 /* Debug */ = {
			isa = XCBuildConfiguration;
			buildSettings = {
				CODE_SIGN_STYLE = Automatic;
				DEVELOPMENT_TEAM = KB7N82RNAZ;
				ENABLE_HARDENED_RUNTIME = YES;
				PRODUCT_NAME = "$(TARGET_NAME)";
			};
			name = Debug;
		};
		11A19CD724AAE026008E4FD6 /* Release */ = {
			isa = XCBuildConfiguration;
			buildSettings = {
				CODE_SIGN_STYLE = Automatic;
				DEVELOPMENT_TEAM = KB7N82RNAZ;
				ENABLE_HARDENED_RUNTIME = YES;
				PRODUCT_NAME = "$(TARGET_NAME)";
			};
			name = Release;
		};
		11A19CE624AB1A8E008E4FD6 /* Debug */ = {
			isa = XCBuildConfiguration;
			buildSettings = {
				CODE_SIGN_STYLE = Automatic;
				DEVELOPMENT_TEAM = KB7N82RNAZ;
				ENABLE_HARDENED_RUNTIME = YES;
				PRODUCT_NAME = "$(TARGET_NAME)";
			};
			name = Debug;
		};
		11A19CE724AB1A8E008E4FD6 /* Release */ = {
			isa = XCBuildConfiguration;
			buildSettings = {
				CODE_SIGN_STYLE = Automatic;
				DEVELOPMENT_TEAM = KB7N82RNAZ;
				ENABLE_HARDENED_RUNTIME = YES;
				PRODUCT_NAME = "$(TARGET_NAME)";
			};
			name = Release;
		};
		ABFAA7CC24AB888600616059 /* Debug */ = {
			isa = XCBuildConfiguration;
			buildSettings = {
				CODE_SIGN_STYLE = Automatic;
				DEVELOPMENT_TEAM = KB7N82RNAZ;
				ENABLE_HARDENED_RUNTIME = YES;
				PRODUCT_NAME = "$(TARGET_NAME)";
			};
			name = Debug;
		};
		ABFAA7CD24AB888600616059 /* Release */ = {
			isa = XCBuildConfiguration;
			buildSettings = {
				CODE_SIGN_STYLE = Automatic;
				DEVELOPMENT_TEAM = KB7N82RNAZ;
				ENABLE_HARDENED_RUNTIME = YES;
				PRODUCT_NAME = "$(TARGET_NAME)";
			};
			name = Release;
		};
/* End XCBuildConfiguration section */

/* Begin XCConfigurationList section */
		11A19CBE24AADFFF008E4FD6 /* Build configuration list for PBXProject "ArrowToOffer" */ = {
			isa = XCConfigurationList;
			buildConfigurations = (
				11A19CC824AAE000008E4FD6 /* Debug */,
				11A19CC924AAE000008E4FD6 /* Release */,
			);
			defaultConfigurationIsVisible = 0;
			defaultConfigurationName = Release;
		};
		11A19CCA24AAE000008E4FD6 /* Build configuration list for PBXNativeTarget "ArrowToOffer" */ = {
			isa = XCConfigurationList;
			buildConfigurations = (
				11A19CCB24AAE000008E4FD6 /* Debug */,
				11A19CCC24AAE000008E4FD6 /* Release */,
			);
			defaultConfigurationIsVisible = 0;
			defaultConfigurationName = Release;
		};
		11A19CD524AAE026008E4FD6 /* Build configuration list for PBXNativeTarget "FindRepeatNumber03" */ = {
			isa = XCConfigurationList;
			buildConfigurations = (
				11A19CD624AAE026008E4FD6 /* Debug */,
				11A19CD724AAE026008E4FD6 /* Release */,
			);
			defaultConfigurationIsVisible = 0;
			defaultConfigurationName = Release;
		};
		11A19CE824AB1A8E008E4FD6 /* Build configuration list for PBXNativeTarget "HammingWeight15" */ = {
			isa = XCConfigurationList;
			buildConfigurations = (
				11A19CE624AB1A8E008E4FD6 /* Debug */,
				11A19CE724AB1A8E008E4FD6 /* Release */,
			);
			defaultConfigurationIsVisible = 0;
			defaultConfigurationName = Release;
		};
		ABFAA7CE24AB888600616059 /* Build configuration list for PBXNativeTarget "BinarySearch" */ = {
			isa = XCConfigurationList;
			buildConfigurations = (
				ABFAA7CC24AB888600616059 /* Debug */,
				ABFAA7CD24AB888600616059 /* Release */,
			);
			defaultConfigurationIsVisible = 0;
			defaultConfigurationName = Release;
		};
/* End XCConfigurationList section */
	};
	rootObject = 11A19CBB24AADFFF008E4FD6 /* Project object */;
}
